// !$*UTF8*$!
{
	archiveVersion = 1;
	classes = {
	};
	objectVersion = 46;
	objects = {

/* Begin PBXBuildFile section */
		63056FFF1CBCABB7007D2C9D /* CourseOwnershipObject.swift in Sources */ = {isa = PBXBuildFile; fileRef = 63056FFE1CBCABB7007D2C9D /* CourseOwnershipObject.swift */; };
		630570011CBCBC86007D2C9D /* Semester.swift in Sources */ = {isa = PBXBuildFile; fileRef = 630570001CBCBC86007D2C9D /* Semester.swift */; };
		630570031CBCC54C007D2C9D /* Organization.swift in Sources */ = {isa = PBXBuildFile; fileRef = 630570021CBCC54C007D2C9D /* Organization.swift */; };
		630570051CBCC94A007D2C9D /* Department.swift in Sources */ = {isa = PBXBuildFile; fileRef = 630570041CBCC94A007D2C9D /* Department.swift */; };
		630570071CBCE26C007D2C9D /* UIImageExtension.swift in Sources */ = {isa = PBXBuildFile; fileRef = 630570061CBCE26C007D2C9D /* UIImageExtension.swift */; };
		6305700A1CBD0AA1007D2C9D /* ColorgyChatAPI.swift in Sources */ = {isa = PBXBuildFile; fileRef = 630570091CBD0AA1007D2C9D /* ColorgyChatAPI.swift */; };
		6305700C1CBD0AB9007D2C9D /* ColorgySocket.swift in Sources */ = {isa = PBXBuildFile; fileRef = 6305700B1CBD0AB9007D2C9D /* ColorgySocket.swift */; };
		6305700E1CBD11EA007D2C9D /* ChatUser.swift in Sources */ = {isa = PBXBuildFile; fileRef = 6305700D1CBD11EA007D2C9D /* ChatUser.swift */; };
		630570101CBD182D007D2C9D /* ChatMeUserInformation.swift in Sources */ = {isa = PBXBuildFile; fileRef = 6305700F1CBD182D007D2C9D /* ChatMeUserInformation.swift */; };
		630570121CBD1A2E007D2C9D /* ChatUserInformation.swift in Sources */ = {isa = PBXBuildFile; fileRef = 630570111CBD1A2E007D2C9D /* ChatUserInformation.swift */; };
		630570141CBD1C7D007D2C9D /* AvailableTarget.swift in Sources */ = {isa = PBXBuildFile; fileRef = 630570131CBD1C7D007D2C9D /* AvailableTarget.swift */; };
		630570161CBD1D47007D2C9D /* NumerExtensions.swift in Sources */ = {isa = PBXBuildFile; fileRef = 630570151CBD1D47007D2C9D /* NumerExtensions.swift */; };
		630570181CBD233A007D2C9D /* Hello.swift in Sources */ = {isa = PBXBuildFile; fileRef = 630570171CBD233A007D2C9D /* Hello.swift */; };
		6305701C1CBD268A007D2C9D /* HistoryChatroom.swift in Sources */ = {isa = PBXBuildFile; fileRef = 6305701B1CBD268A007D2C9D /* HistoryChatroom.swift */; };
		6305701E1CBD2902007D2C9D /* Chatroom.swift in Sources */ = {isa = PBXBuildFile; fileRef = 6305701D1CBD2902007D2C9D /* Chatroom.swift */; };
		6340A3071CBA2BA5001AE3AE /* KeychainSwift.framework in Frameworks */ = {isa = PBXBuildFile; fileRef = 6340A3061CBA2BA5001AE3AE /* KeychainSwift.framework */; };
		6340A3081CBA2BA5001AE3AE /* KeychainSwift.framework in Embed Frameworks */ = {isa = PBXBuildFile; fileRef = 6340A3061CBA2BA5001AE3AE /* KeychainSwift.framework */; settings = {ATTRIBUTES = (CodeSignOnCopy, RemoveHeadersOnCopy, ); }; };
		635479881CB898C100DE8CBC /* AppDelegate.swift in Sources */ = {isa = PBXBuildFile; fileRef = 635479871CB898C100DE8CBC /* AppDelegate.swift */; };
		6354798A1CB898C100DE8CBC /* ViewController.swift in Sources */ = {isa = PBXBuildFile; fileRef = 635479891CB898C100DE8CBC /* ViewController.swift */; };
		6354798D1CB898C100DE8CBC /* Main.storyboard in Resources */ = {isa = PBXBuildFile; fileRef = 6354798B1CB898C100DE8CBC /* Main.storyboard */; };
		6354798F1CB898C100DE8CBC /* Assets.xcassets in Resources */ = {isa = PBXBuildFile; fileRef = 6354798E1CB898C100DE8CBC /* Assets.xcassets */; };
		635479921CB898C100DE8CBC /* LaunchScreen.storyboard in Resources */ = {isa = PBXBuildFile; fileRef = 635479901CB898C100DE8CBC /* LaunchScreen.storyboard */; };
		6354799D1CB898C100DE8CBC /* ColorgyCourseTests.swift in Sources */ = {isa = PBXBuildFile; fileRef = 6354799C1CB898C100DE8CBC /* ColorgyCourseTests.swift */; };
		635479A81CB898C100DE8CBC /* ColorgyCourseUITests.swift in Sources */ = {isa = PBXBuildFile; fileRef = 635479A71CB898C100DE8CBC /* ColorgyCourseUITests.swift */; };
		635479BB1CB89C4E00DE8CBC /* AFNetworking.framework in Frameworks */ = {isa = PBXBuildFile; fileRef = 635479B61CB89C4E00DE8CBC /* AFNetworking.framework */; };
		635479BC1CB89C4E00DE8CBC /* AFNetworking.framework in Embed Frameworks */ = {isa = PBXBuildFile; fileRef = 635479B61CB89C4E00DE8CBC /* AFNetworking.framework */; settings = {ATTRIBUTES = (CodeSignOnCopy, RemoveHeadersOnCopy, ); }; };
		635479BD1CB89C4E00DE8CBC /* ImagePickerSheetController.framework in Frameworks */ = {isa = PBXBuildFile; fileRef = 635479B71CB89C4E00DE8CBC /* ImagePickerSheetController.framework */; };
		635479BE1CB89C4E00DE8CBC /* ImagePickerSheetController.framework in Embed Frameworks */ = {isa = PBXBuildFile; fileRef = 635479B71CB89C4E00DE8CBC /* ImagePickerSheetController.framework */; settings = {ATTRIBUTES = (CodeSignOnCopy, RemoveHeadersOnCopy, ); }; };
		635479BF1CB89C4E00DE8CBC /* SKPhotoBrowser.framework in Frameworks */ = {isa = PBXBuildFile; fileRef = 635479B81CB89C4E00DE8CBC /* SKPhotoBrowser.framework */; };
		635479C01CB89C4E00DE8CBC /* SKPhotoBrowser.framework in Embed Frameworks */ = {isa = PBXBuildFile; fileRef = 635479B81CB89C4E00DE8CBC /* SKPhotoBrowser.framework */; settings = {ATTRIBUTES = (CodeSignOnCopy, RemoveHeadersOnCopy, ); }; };
		635479C11CB89C4E00DE8CBC /* SwiftyJSON.framework in Frameworks */ = {isa = PBXBuildFile; fileRef = 635479B91CB89C4E00DE8CBC /* SwiftyJSON.framework */; };
		635479C21CB89C4E00DE8CBC /* SwiftyJSON.framework in Embed Frameworks */ = {isa = PBXBuildFile; fileRef = 635479B91CB89C4E00DE8CBC /* SwiftyJSON.framework */; settings = {ATTRIBUTES = (CodeSignOnCopy, RemoveHeadersOnCopy, ); }; };
		635479C31CB89C4E00DE8CBC /* WebImage.framework in Frameworks */ = {isa = PBXBuildFile; fileRef = 635479BA1CB89C4E00DE8CBC /* WebImage.framework */; };
		635479C41CB89C4E00DE8CBC /* WebImage.framework in Embed Frameworks */ = {isa = PBXBuildFile; fileRef = 635479BA1CB89C4E00DE8CBC /* WebImage.framework */; settings = {ATTRIBUTES = (CodeSignOnCopy, RemoveHeadersOnCopy, ); }; };
		635479C91CB8A18F00DE8CBC /* Realm.framework in Frameworks */ = {isa = PBXBuildFile; fileRef = 635479C71CB8A18F00DE8CBC /* Realm.framework */; };
		635479CA1CB8A18F00DE8CBC /* Realm.framework in Embed Frameworks */ = {isa = PBXBuildFile; fileRef = 635479C71CB8A18F00DE8CBC /* Realm.framework */; settings = {ATTRIBUTES = (CodeSignOnCopy, RemoveHeadersOnCopy, ); }; };
		635479CB1CB8A18F00DE8CBC /* RealmSwift.framework in Frameworks */ = {isa = PBXBuildFile; fileRef = 635479C81CB8A18F00DE8CBC /* RealmSwift.framework */; };
		635479CC1CB8A18F00DE8CBC /* RealmSwift.framework in Embed Frameworks */ = {isa = PBXBuildFile; fileRef = 635479C81CB8A18F00DE8CBC /* RealmSwift.framework */; settings = {ATTRIBUTES = (CodeSignOnCopy, RemoveHeadersOnCopy, ); }; };
		635479CF1CB8A5EF00DE8CBC /* Release.swift in Sources */ = {isa = PBXBuildFile; fileRef = 635479CE1CB8A5EF00DE8CBC /* Release.swift */; };
		635479D11CB8AA0700DE8CBC /* LoginViewController.swift in Sources */ = {isa = PBXBuildFile; fileRef = 635479D01CB8AA0700DE8CBC /* LoginViewController.swift */; };
		635479D31CB8AC6300DE8CBC /* LoginViewModel.swift in Sources */ = {isa = PBXBuildFile; fileRef = 635479D21CB8AC6300DE8CBC /* LoginViewModel.swift */; };
		635479E41CB8B02A00DE8CBC /* ColorgyUserInformation.swift in Sources */ = {isa = PBXBuildFile; fileRef = 635479D41CB8B02A00DE8CBC /* ColorgyUserInformation.swift */; };
		635479E51CB8B02A00DE8CBC /* TimeStamp.swift in Sources */ = {isa = PBXBuildFile; fileRef = 635479D51CB8B02A00DE8CBC /* TimeStamp.swift */; };
		635479E61CB8B02A00DE8CBC /* AFNetworkingErrorParser.swift in Sources */ = {isa = PBXBuildFile; fileRef = 635479D61CB8B02A00DE8CBC /* AFNetworkingErrorParser.swift */; };
		635479E71CB8B02A00DE8CBC /* ColorgyAPI.swift in Sources */ = {isa = PBXBuildFile; fileRef = 635479D71CB8B02A00DE8CBC /* ColorgyAPI.swift */; };
		635479E81CB8B02A00DE8CBC /* ColorgyAPIMeResult.swift in Sources */ = {isa = PBXBuildFile; fileRef = 635479D81CB8B02A00DE8CBC /* ColorgyAPIMeResult.swift */; };
		635479E91CB8B02A00DE8CBC /* ColorgyAPIUserResult.swift in Sources */ = {isa = PBXBuildFile; fileRef = 635479D91CB8B02A00DE8CBC /* ColorgyAPIUserResult.swift */; };
		635479EA1CB8B02A00DE8CBC /* Course.swift in Sources */ = {isa = PBXBuildFile; fileRef = 635479DA1CB8B02A00DE8CBC /* Course.swift */; };
		635479EB1CB8B02A00DE8CBC /* Period.swift in Sources */ = {isa = PBXBuildFile; fileRef = 635479DB1CB8B02A00DE8CBC /* Period.swift */; };
		635479EC1CB8B02A00DE8CBC /* CourseRawDataObject.swift in Sources */ = {isa = PBXBuildFile; fileRef = 635479DC1CB8B02A00DE8CBC /* CourseRawDataObject.swift */; };
		635479ED1CB8B02A00DE8CBC /* SwiftyJSONExtension.swift in Sources */ = {isa = PBXBuildFile; fileRef = 635479DD1CB8B02A00DE8CBC /* SwiftyJSONExtension.swift */; };
		635479EE1CB8B02A00DE8CBC /* StringExtension.swift in Sources */ = {isa = PBXBuildFile; fileRef = 635479DE1CB8B02A00DE8CBC /* StringExtension.swift */; };
		635479EF1CB8B02A00DE8CBC /* DateExtension.swift in Sources */ = {isa = PBXBuildFile; fileRef = 635479DF1CB8B02A00DE8CBC /* DateExtension.swift */; };
		635479F01CB8B02A00DE8CBC /* ColorgyRefreshCenter.swift in Sources */ = {isa = PBXBuildFile; fileRef = 635479E01CB8B02A00DE8CBC /* ColorgyRefreshCenter.swift */; };
		635479F11CB8B02A00DE8CBC /* ColorgyLogin.swift in Sources */ = {isa = PBXBuildFile; fileRef = 635479E11CB8B02A00DE8CBC /* ColorgyLogin.swift */; };
		635479F21CB8B02A00DE8CBC /* AFError.swift in Sources */ = {isa = PBXBuildFile; fileRef = 635479E21CB8B02A00DE8CBC /* AFError.swift */; };
		635479F31CB8B02A00DE8CBC /* ColorgyLoginResult.swift in Sources */ = {isa = PBXBuildFile; fileRef = 635479E31CB8B02A00DE8CBC /* ColorgyLoginResult.swift */; };
		635479FB1CB8D17800DE8CBC /* PeriodRawData.swift in Sources */ = {isa = PBXBuildFile; fileRef = 635479FA1CB8D17800DE8CBC /* PeriodRawData.swift */; };
		635479FF1CB8DECF00DE8CBC /* PeriodRawDataRealmObject.swift in Sources */ = {isa = PBXBuildFile; fileRef = 635479FE1CB8DECF00DE8CBC /* PeriodRawDataRealmObject.swift */; };
		A84AB692873E9E8DA6A72BC2 /* Pods_ColorgyCourse.framework in Frameworks */ = {isa = PBXBuildFile; fileRef = 576E6050CAE2354899BC93F6 /* Pods_ColorgyCourse.framework */; };
/* End PBXBuildFile section */

/* Begin PBXContainerItemProxy section */
		635479991CB898C100DE8CBC /* PBXContainerItemProxy */ = {
			isa = PBXContainerItemProxy;
			containerPortal = 6354797C1CB898C000DE8CBC /* Project object */;
			proxyType = 1;
			remoteGlobalIDString = 635479831CB898C000DE8CBC;
			remoteInfo = ColorgyCourse;
		};
		635479A41CB898C100DE8CBC /* PBXContainerItemProxy */ = {
			isa = PBXContainerItemProxy;
			containerPortal = 6354797C1CB898C000DE8CBC /* Project object */;
			proxyType = 1;
			remoteGlobalIDString = 635479831CB898C000DE8CBC;
			remoteInfo = ColorgyCourse;
		};
/* End PBXContainerItemProxy section */

/* Begin PBXCopyFilesBuildPhase section */
		635479C51CB89C4E00DE8CBC /* Embed Frameworks */ = {
			isa = PBXCopyFilesBuildPhase;
			buildActionMask = 2147483647;
			dstPath = "";
			dstSubfolderSpec = 10;
			files = (
				635479CA1CB8A18F00DE8CBC /* Realm.framework in Embed Frameworks */,
				635479C21CB89C4E00DE8CBC /* SwiftyJSON.framework in Embed Frameworks */,
				635479CC1CB8A18F00DE8CBC /* RealmSwift.framework in Embed Frameworks */,
				635479C41CB89C4E00DE8CBC /* WebImage.framework in Embed Frameworks */,
				6340A3081CBA2BA5001AE3AE /* KeychainSwift.framework in Embed Frameworks */,
				635479BE1CB89C4E00DE8CBC /* ImagePickerSheetController.framework in Embed Frameworks */,
				635479C01CB89C4E00DE8CBC /* SKPhotoBrowser.framework in Embed Frameworks */,
				635479BC1CB89C4E00DE8CBC /* AFNetworking.framework in Embed Frameworks */,
			);
			name = "Embed Frameworks";
			runOnlyForDeploymentPostprocessing = 0;
		};
/* End PBXCopyFilesBuildPhase section */

/* Begin PBXFileReference section */
		576E6050CAE2354899BC93F6 /* Pods_ColorgyCourse.framework */ = {isa = PBXFileReference; explicitFileType = wrapper.framework; includeInIndex = 0; path = Pods_ColorgyCourse.framework; sourceTree = BUILT_PRODUCTS_DIR; };
		63056FFE1CBCABB7007D2C9D /* CourseOwnershipObject.swift */ = {isa = PBXFileReference; fileEncoding = 4; lastKnownFileType = sourcecode.swift; path = CourseOwnershipObject.swift; sourceTree = "<group>"; };
		630570001CBCBC86007D2C9D /* Semester.swift */ = {isa = PBXFileReference; fileEncoding = 4; lastKnownFileType = sourcecode.swift; path = Semester.swift; sourceTree = "<group>"; };
		630570021CBCC54C007D2C9D /* Organization.swift */ = {isa = PBXFileReference; fileEncoding = 4; lastKnownFileType = sourcecode.swift; name = Organization.swift; path = ../Organization.swift; sourceTree = "<group>"; };
		630570041CBCC94A007D2C9D /* Department.swift */ = {isa = PBXFileReference; fileEncoding = 4; lastKnownFileType = sourcecode.swift; path = Department.swift; sourceTree = "<group>"; };
		630570061CBCE26C007D2C9D /* UIImageExtension.swift */ = {isa = PBXFileReference; fileEncoding = 4; lastKnownFileType = sourcecode.swift; name = UIImageExtension.swift; path = ../UIImageExtension.swift; sourceTree = "<group>"; };
		630570091CBD0AA1007D2C9D /* ColorgyChatAPI.swift */ = {isa = PBXFileReference; fileEncoding = 4; lastKnownFileType = sourcecode.swift; path = ColorgyChatAPI.swift; sourceTree = "<group>"; };
		6305700B1CBD0AB9007D2C9D /* ColorgySocket.swift */ = {isa = PBXFileReference; fileEncoding = 4; lastKnownFileType = sourcecode.swift; path = ColorgySocket.swift; sourceTree = "<group>"; };
		6305700D1CBD11EA007D2C9D /* ChatUser.swift */ = {isa = PBXFileReference; fileEncoding = 4; lastKnownFileType = sourcecode.swift; path = ChatUser.swift; sourceTree = "<group>"; };
		6305700F1CBD182D007D2C9D /* ChatMeUserInformation.swift */ = {isa = PBXFileReference; fileEncoding = 4; lastKnownFileType = sourcecode.swift; name = ChatMeUserInformation.swift; path = ../ChatMeUserInformation.swift; sourceTree = "<group>"; };
		630570111CBD1A2E007D2C9D /* ChatUserInformation.swift */ = {isa = PBXFileReference; fileEncoding = 4; lastKnownFileType = sourcecode.swift; path = ChatUserInformation.swift; sourceTree = "<group>"; };
		630570131CBD1C7D007D2C9D /* AvailableTarget.swift */ = {isa = PBXFileReference; fileEncoding = 4; lastKnownFileType = sourcecode.swift; name = AvailableTarget.swift; path = ../AvailableTarget.swift; sourceTree = "<group>"; };
		630570151CBD1D47007D2C9D /* NumerExtensions.swift */ = {isa = PBXFileReference; fileEncoding = 4; lastKnownFileType = sourcecode.swift; name = NumerExtensions.swift; path = ../NumerExtensions.swift; sourceTree = "<group>"; };
		630570171CBD233A007D2C9D /* Hello.swift */ = {isa = PBXFileReference; fileEncoding = 4; lastKnownFileType = sourcecode.swift; path = Hello.swift; sourceTree = "<group>"; };
		6305701B1CBD268A007D2C9D /* HistoryChatroom.swift */ = {isa = PBXFileReference; fileEncoding = 4; lastKnownFileType = sourcecode.swift; path = HistoryChatroom.swift; sourceTree = "<group>"; };
		6305701D1CBD2902007D2C9D /* Chatroom.swift */ = {isa = PBXFileReference; fileEncoding = 4; lastKnownFileType = sourcecode.swift; path = Chatroom.swift; sourceTree = "<group>"; };
		6340A3061CBA2BA5001AE3AE /* KeychainSwift.framework */ = {isa = PBXFileReference; lastKnownFileType = wrapper.framework; name = KeychainSwift.framework; path = Carthage/Build/iOS/KeychainSwift.framework; sourceTree = "<group>"; };
		635479841CB898C000DE8CBC /* ColorgyCourse.app */ = {isa = PBXFileReference; explicitFileType = wrapper.application; includeInIndex = 0; path = ColorgyCourse.app; sourceTree = BUILT_PRODUCTS_DIR; };
		635479871CB898C100DE8CBC /* AppDelegate.swift */ = {isa = PBXFileReference; lastKnownFileType = sourcecode.swift; path = AppDelegate.swift; sourceTree = "<group>"; };
		635479891CB898C100DE8CBC /* ViewController.swift */ = {isa = PBXFileReference; lastKnownFileType = sourcecode.swift; path = ViewController.swift; sourceTree = "<group>"; };
		6354798C1CB898C100DE8CBC /* Base */ = {isa = PBXFileReference; lastKnownFileType = file.storyboard; name = Base; path = Base.lproj/Main.storyboard; sourceTree = "<group>"; };
		6354798E1CB898C100DE8CBC /* Assets.xcassets */ = {isa = PBXFileReference; lastKnownFileType = folder.assetcatalog; path = Assets.xcassets; sourceTree = "<group>"; };
		635479911CB898C100DE8CBC /* Base */ = {isa = PBXFileReference; lastKnownFileType = file.storyboard; name = Base; path = Base.lproj/LaunchScreen.storyboard; sourceTree = "<group>"; };
		635479931CB898C100DE8CBC /* Info.plist */ = {isa = PBXFileReference; lastKnownFileType = text.plist.xml; path = Info.plist; sourceTree = "<group>"; };
		635479981CB898C100DE8CBC /* ColorgyCourseTests.xctest */ = {isa = PBXFileReference; explicitFileType = wrapper.cfbundle; includeInIndex = 0; path = ColorgyCourseTests.xctest; sourceTree = BUILT_PRODUCTS_DIR; };
		6354799C1CB898C100DE8CBC /* ColorgyCourseTests.swift */ = {isa = PBXFileReference; lastKnownFileType = sourcecode.swift; path = ColorgyCourseTests.swift; sourceTree = "<group>"; };
		6354799E1CB898C100DE8CBC /* Info.plist */ = {isa = PBXFileReference; lastKnownFileType = text.plist.xml; path = Info.plist; sourceTree = "<group>"; };
		635479A31CB898C100DE8CBC /* ColorgyCourseUITests.xctest */ = {isa = PBXFileReference; explicitFileType = wrapper.cfbundle; includeInIndex = 0; path = ColorgyCourseUITests.xctest; sourceTree = BUILT_PRODUCTS_DIR; };
		635479A71CB898C100DE8CBC /* ColorgyCourseUITests.swift */ = {isa = PBXFileReference; lastKnownFileType = sourcecode.swift; path = ColorgyCourseUITests.swift; sourceTree = "<group>"; };
		635479A91CB898C100DE8CBC /* Info.plist */ = {isa = PBXFileReference; lastKnownFileType = text.plist.xml; path = Info.plist; sourceTree = "<group>"; };
		635479B61CB89C4E00DE8CBC /* AFNetworking.framework */ = {isa = PBXFileReference; lastKnownFileType = wrapper.framework; name = AFNetworking.framework; path = Carthage/Build/iOS/AFNetworking.framework; sourceTree = "<group>"; };
		635479B71CB89C4E00DE8CBC /* ImagePickerSheetController.framework */ = {isa = PBXFileReference; lastKnownFileType = wrapper.framework; name = ImagePickerSheetController.framework; path = Carthage/Build/iOS/ImagePickerSheetController.framework; sourceTree = "<group>"; };
		635479B81CB89C4E00DE8CBC /* SKPhotoBrowser.framework */ = {isa = PBXFileReference; lastKnownFileType = wrapper.framework; name = SKPhotoBrowser.framework; path = Carthage/Build/iOS/SKPhotoBrowser.framework; sourceTree = "<group>"; };
		635479B91CB89C4E00DE8CBC /* SwiftyJSON.framework */ = {isa = PBXFileReference; lastKnownFileType = wrapper.framework; name = SwiftyJSON.framework; path = Carthage/Build/iOS/SwiftyJSON.framework; sourceTree = "<group>"; };
		635479BA1CB89C4E00DE8CBC /* WebImage.framework */ = {isa = PBXFileReference; lastKnownFileType = wrapper.framework; name = WebImage.framework; path = Carthage/Build/iOS/WebImage.framework; sourceTree = "<group>"; };
		635479C61CB89CB900DE8CBC /* BridghingHeader.h */ = {isa = PBXFileReference; lastKnownFileType = sourcecode.c.h; path = BridghingHeader.h; sourceTree = "<group>"; };
		635479C71CB8A18F00DE8CBC /* Realm.framework */ = {isa = PBXFileReference; lastKnownFileType = wrapper.framework; name = Realm.framework; path = Carthage/Build/iOS/Realm.framework; sourceTree = "<group>"; };
		635479C81CB8A18F00DE8CBC /* RealmSwift.framework */ = {isa = PBXFileReference; lastKnownFileType = wrapper.framework; name = RealmSwift.framework; path = Carthage/Build/iOS/RealmSwift.framework; sourceTree = "<group>"; };
		635479CE1CB8A5EF00DE8CBC /* Release.swift */ = {isa = PBXFileReference; fileEncoding = 4; lastKnownFileType = sourcecode.swift; path = Release.swift; sourceTree = "<group>"; };
		635479D01CB8AA0700DE8CBC /* LoginViewController.swift */ = {isa = PBXFileReference; fileEncoding = 4; lastKnownFileType = sourcecode.swift; path = LoginViewController.swift; sourceTree = "<group>"; };
		635479D21CB8AC6300DE8CBC /* LoginViewModel.swift */ = {isa = PBXFileReference; fileEncoding = 4; lastKnownFileType = sourcecode.swift; path = LoginViewModel.swift; sourceTree = "<group>"; };
		635479D41CB8B02A00DE8CBC /* ColorgyUserInformation.swift */ = {isa = PBXFileReference; fileEncoding = 4; lastKnownFileType = sourcecode.swift; path = ColorgyUserInformation.swift; sourceTree = "<group>"; };
		635479D51CB8B02A00DE8CBC /* TimeStamp.swift */ = {isa = PBXFileReference; fileEncoding = 4; lastKnownFileType = sourcecode.swift; path = TimeStamp.swift; sourceTree = "<group>"; };
		635479D61CB8B02A00DE8CBC /* AFNetworkingErrorParser.swift */ = {isa = PBXFileReference; fileEncoding = 4; lastKnownFileType = sourcecode.swift; path = AFNetworkingErrorParser.swift; sourceTree = "<group>"; };
		635479D71CB8B02A00DE8CBC /* ColorgyAPI.swift */ = {isa = PBXFileReference; fileEncoding = 4; lastKnownFileType = sourcecode.swift; path = ColorgyAPI.swift; sourceTree = "<group>"; };
		635479D81CB8B02A00DE8CBC /* ColorgyAPIMeResult.swift */ = {isa = PBXFileReference; fileEncoding = 4; lastKnownFileType = sourcecode.swift; path = ColorgyAPIMeResult.swift; sourceTree = "<group>"; };
		635479D91CB8B02A00DE8CBC /* ColorgyAPIUserResult.swift */ = {isa = PBXFileReference; fileEncoding = 4; lastKnownFileType = sourcecode.swift; path = ColorgyAPIUserResult.swift; sourceTree = "<group>"; };
		635479DA1CB8B02A00DE8CBC /* Course.swift */ = {isa = PBXFileReference; fileEncoding = 4; lastKnownFileType = sourcecode.swift; path = Course.swift; sourceTree = "<group>"; };
		635479DB1CB8B02A00DE8CBC /* Period.swift */ = {isa = PBXFileReference; fileEncoding = 4; lastKnownFileType = sourcecode.swift; path = Period.swift; sourceTree = "<group>"; };
		635479DC1CB8B02A00DE8CBC /* CourseRawDataObject.swift */ = {isa = PBXFileReference; fileEncoding = 4; lastKnownFileType = sourcecode.swift; path = CourseRawDataObject.swift; sourceTree = "<group>"; };
		635479DD1CB8B02A00DE8CBC /* SwiftyJSONExtension.swift */ = {isa = PBXFileReference; fileEncoding = 4; lastKnownFileType = sourcecode.swift; path = SwiftyJSONExtension.swift; sourceTree = "<group>"; };
		635479DE1CB8B02A00DE8CBC /* StringExtension.swift */ = {isa = PBXFileReference; fileEncoding = 4; lastKnownFileType = sourcecode.swift; path = StringExtension.swift; sourceTree = "<group>"; };
		635479DF1CB8B02A00DE8CBC /* DateExtension.swift */ = {isa = PBXFileReference; fileEncoding = 4; lastKnownFileType = sourcecode.swift; path = DateExtension.swift; sourceTree = "<group>"; };
		635479E01CB8B02A00DE8CBC /* ColorgyRefreshCenter.swift */ = {isa = PBXFileReference; fileEncoding = 4; lastKnownFileType = sourcecode.swift; path = ColorgyRefreshCenter.swift; sourceTree = "<group>"; };
		635479E11CB8B02A00DE8CBC /* ColorgyLogin.swift */ = {isa = PBXFileReference; fileEncoding = 4; lastKnownFileType = sourcecode.swift; path = ColorgyLogin.swift; sourceTree = "<group>"; };
		635479E21CB8B02A00DE8CBC /* AFError.swift */ = {isa = PBXFileReference; fileEncoding = 4; lastKnownFileType = sourcecode.swift; path = AFError.swift; sourceTree = "<group>"; };
		635479E31CB8B02A00DE8CBC /* ColorgyLoginResult.swift */ = {isa = PBXFileReference; fileEncoding = 4; lastKnownFileType = sourcecode.swift; path = ColorgyLoginResult.swift; sourceTree = "<group>"; };
		635479FA1CB8D17800DE8CBC /* PeriodRawData.swift */ = {isa = PBXFileReference; fileEncoding = 4; lastKnownFileType = sourcecode.swift; path = PeriodRawData.swift; sourceTree = "<group>"; };
		635479FE1CB8DECF00DE8CBC /* PeriodRawDataRealmObject.swift */ = {isa = PBXFileReference; fileEncoding = 4; lastKnownFileType = sourcecode.swift; path = PeriodRawDataRealmObject.swift; sourceTree = "<group>"; };
		9F013244A3B8C8F64571951C /* Pods-ColorgyCourse.debug.xcconfig */ = {isa = PBXFileReference; includeInIndex = 1; lastKnownFileType = text.xcconfig; name = "Pods-ColorgyCourse.debug.xcconfig"; path = "Pods/Target Support Files/Pods-ColorgyCourse/Pods-ColorgyCourse.debug.xcconfig"; sourceTree = "<group>"; };
		F16E987B487403193816ADE4 /* Pods-ColorgyCourse.release.xcconfig */ = {isa = PBXFileReference; includeInIndex = 1; lastKnownFileType = text.xcconfig; name = "Pods-ColorgyCourse.release.xcconfig"; path = "Pods/Target Support Files/Pods-ColorgyCourse/Pods-ColorgyCourse.release.xcconfig"; sourceTree = "<group>"; };
/* End PBXFileReference section */

/* Begin PBXFrameworksBuildPhase section */
		635479811CB898C000DE8CBC /* Frameworks */ = {
			isa = PBXFrameworksBuildPhase;
			buildActionMask = 2147483647;
			files = (
				635479BF1CB89C4E00DE8CBC /* SKPhotoBrowser.framework in Frameworks */,
				A84AB692873E9E8DA6A72BC2 /* Pods_ColorgyCourse.framework in Frameworks */,
				635479BD1CB89C4E00DE8CBC /* ImagePickerSheetController.framework in Frameworks */,
				635479C31CB89C4E00DE8CBC /* WebImage.framework in Frameworks */,
				635479C91CB8A18F00DE8CBC /* Realm.framework in Frameworks */,
				635479BB1CB89C4E00DE8CBC /* AFNetworking.framework in Frameworks */,
				6340A3071CBA2BA5001AE3AE /* KeychainSwift.framework in Frameworks */,
				635479CB1CB8A18F00DE8CBC /* RealmSwift.framework in Frameworks */,
				635479C11CB89C4E00DE8CBC /* SwiftyJSON.framework in Frameworks */,
			);
			runOnlyForDeploymentPostprocessing = 0;
		};
		635479951CB898C100DE8CBC /* Frameworks */ = {
			isa = PBXFrameworksBuildPhase;
			buildActionMask = 2147483647;
			files = (
			);
			runOnlyForDeploymentPostprocessing = 0;
		};
		635479A01CB898C100DE8CBC /* Frameworks */ = {
			isa = PBXFrameworksBuildPhase;
			buildActionMask = 2147483647;
			files = (
			);
			runOnlyForDeploymentPostprocessing = 0;
		};
/* End PBXFrameworksBuildPhase section */

/* Begin PBXGroup section */
		4A06AE646938A043E4921CF2 /* Frameworks */ = {
			isa = PBXGroup;
			children = (
				576E6050CAE2354899BC93F6 /* Pods_ColorgyCourse.framework */,
			);
			name = Frameworks;
			sourceTree = "<group>";
		};
		630570081CBD0A45007D2C9D /* Login View */ = {
			isa = PBXGroup;
			children = (
				635479D01CB8AA0700DE8CBC /* LoginViewController.swift */,
				635479D21CB8AC6300DE8CBC /* LoginViewModel.swift */,
			);
			name = "Login View";
			sourceTree = "<group>";
		};
		6354797B1CB898C000DE8CBC = {
			isa = PBXGroup;
			children = (
				635479C61CB89CB900DE8CBC /* BridghingHeader.h */,
				6340A3061CBA2BA5001AE3AE /* KeychainSwift.framework */,
				635479C71CB8A18F00DE8CBC /* Realm.framework */,
				635479C81CB8A18F00DE8CBC /* RealmSwift.framework */,
				635479B61CB89C4E00DE8CBC /* AFNetworking.framework */,
				635479B71CB89C4E00DE8CBC /* ImagePickerSheetController.framework */,
				635479B81CB89C4E00DE8CBC /* SKPhotoBrowser.framework */,
				635479B91CB89C4E00DE8CBC /* SwiftyJSON.framework */,
				635479BA1CB89C4E00DE8CBC /* WebImage.framework */,
				635479861CB898C000DE8CBC /* ColorgyCourse */,
				6354799B1CB898C100DE8CBC /* ColorgyCourseTests */,
				635479A61CB898C100DE8CBC /* ColorgyCourseUITests */,
				635479851CB898C000DE8CBC /* Products */,
				87B10B09AB7F67CF4D976F76 /* Pods */,
				4A06AE646938A043E4921CF2 /* Frameworks */,
			);
			sourceTree = "<group>";
		};
		635479851CB898C000DE8CBC /* Products */ = {
			isa = PBXGroup;
			children = (
				635479841CB898C000DE8CBC /* ColorgyCourse.app */,
				635479981CB898C100DE8CBC /* ColorgyCourseTests.xctest */,
				635479A31CB898C100DE8CBC /* ColorgyCourseUITests.xctest */,
			);
			name = Products;
			sourceTree = "<group>";
		};
		635479861CB898C000DE8CBC /* ColorgyCourse */ = {
			isa = PBXGroup;
			children = (
				630570131CBD1C7D007D2C9D /* AvailableTarget.swift */,
				630570151CBD1D47007D2C9D /* NumerExtensions.swift */,
				6305700F1CBD182D007D2C9D /* ChatMeUserInformation.swift */,
				630570091CBD0AA1007D2C9D /* ColorgyChatAPI.swift */,
				6305701B1CBD268A007D2C9D /* HistoryChatroom.swift */,
				6305701D1CBD2902007D2C9D /* Chatroom.swift */,
				630570171CBD233A007D2C9D /* Hello.swift */,
				630570111CBD1A2E007D2C9D /* ChatUserInformation.swift */,
				6305700D1CBD11EA007D2C9D /* ChatUser.swift */,
				6305700B1CBD0AB9007D2C9D /* ColorgySocket.swift */,
				635479FE1CB8DECF00DE8CBC /* PeriodRawDataRealmObject.swift */,
				635479871CB898C100DE8CBC /* AppDelegate.swift */,
				635479CE1CB8A5EF00DE8CBC /* Release.swift */,
				635479891CB898C100DE8CBC /* ViewController.swift */,
				6354798B1CB898C100DE8CBC /* Main.storyboard */,
				630570081CBD0A45007D2C9D /* Login View */,
				635479F61CB8B09100DE8CBC /* Extensions */,
				635479F41CB8B04B00DE8CBC /* Colorgy API */,
				6354798E1CB898C100DE8CBC /* Assets.xcassets */,
				635479901CB898C100DE8CBC /* LaunchScreen.storyboard */,
				635479931CB898C100DE8CBC /* Info.plist */,
			);
			path = ColorgyCourse;
			sourceTree = "<group>";
		};
		6354799B1CB898C100DE8CBC /* ColorgyCourseTests */ = {
			isa = PBXGroup;
			children = (
				6354799C1CB898C100DE8CBC /* ColorgyCourseTests.swift */,
				6354799E1CB898C100DE8CBC /* Info.plist */,
			);
			path = ColorgyCourseTests;
			sourceTree = "<group>";
		};
		635479A61CB898C100DE8CBC /* ColorgyCourseUITests */ = {
			isa = PBXGroup;
			children = (
				635479A71CB898C100DE8CBC /* ColorgyCourseUITests.swift */,
				635479A91CB898C100DE8CBC /* Info.plist */,
			);
			path = ColorgyCourseUITests;
			sourceTree = "<group>";
		};
		635479F41CB8B04B00DE8CBC /* Colorgy API */ = {
			isa = PBXGroup;
			children = (
				635479D41CB8B02A00DE8CBC /* ColorgyUserInformation.swift */,
				630570021CBCC54C007D2C9D /* Organization.swift */,
				635479FA1CB8D17800DE8CBC /* PeriodRawData.swift */,
				630570041CBCC94A007D2C9D /* Department.swift */,
				63056FFE1CBCABB7007D2C9D /* CourseOwnershipObject.swift */,
				635479D51CB8B02A00DE8CBC /* TimeStamp.swift */,
				635479F91CB8B0BD00DE8CBC /* AFNetworking Helper */,
				635479F71CB8B0A400DE8CBC /* API */,
				635479F51CB8B06F00DE8CBC /* Refresh Center */,
				635479F81CB8B0B200DE8CBC /* Login */,
			);
			name = "Colorgy API";
			sourceTree = "<group>";
		};
		635479F51CB8B06F00DE8CBC /* Refresh Center */ = {
			isa = PBXGroup;
			children = (
				635479E01CB8B02A00DE8CBC /* ColorgyRefreshCenter.swift */,
			);
			name = "Refresh Center";
			sourceTree = "<group>";
		};
		635479F61CB8B09100DE8CBC /* Extensions */ = {
			isa = PBXGroup;
			children = (
				630570061CBCE26C007D2C9D /* UIImageExtension.swift */,
				635479DD1CB8B02A00DE8CBC /* SwiftyJSONExtension.swift */,
				635479DE1CB8B02A00DE8CBC /* StringExtension.swift */,
				635479DF1CB8B02A00DE8CBC /* DateExtension.swift */,
			);
			name = Extensions;
			sourceTree = "<group>";
		};
		635479F71CB8B0A400DE8CBC /* API */ = {
			isa = PBXGroup;
			children = (
				635479D71CB8B02A00DE8CBC /* ColorgyAPI.swift */,
				630570001CBCBC86007D2C9D /* Semester.swift */,
				635479D81CB8B02A00DE8CBC /* ColorgyAPIMeResult.swift */,
				635479D91CB8B02A00DE8CBC /* ColorgyAPIUserResult.swift */,
				635479DA1CB8B02A00DE8CBC /* Course.swift */,
				635479DB1CB8B02A00DE8CBC /* Period.swift */,
				635479DC1CB8B02A00DE8CBC /* CourseRawDataObject.swift */,
			);
			name = API;
			sourceTree = "<group>";
		};
		635479F81CB8B0B200DE8CBC /* Login */ = {
			isa = PBXGroup;
			children = (
				635479E11CB8B02A00DE8CBC /* ColorgyLogin.swift */,
				635479E31CB8B02A00DE8CBC /* ColorgyLoginResult.swift */,
			);
			name = Login;
			sourceTree = "<group>";
		};
		635479F91CB8B0BD00DE8CBC /* AFNetworking Helper */ = {
			isa = PBXGroup;
			children = (
				635479D61CB8B02A00DE8CBC /* AFNetworkingErrorParser.swift */,
				635479E21CB8B02A00DE8CBC /* AFError.swift */,
			);
			name = "AFNetworking Helper";
			sourceTree = "<group>";
		};
		87B10B09AB7F67CF4D976F76 /* Pods */ = {
			isa = PBXGroup;
			children = (
				9F013244A3B8C8F64571951C /* Pods-ColorgyCourse.debug.xcconfig */,
				F16E987B487403193816ADE4 /* Pods-ColorgyCourse.release.xcconfig */,
			);
			name = Pods;
			sourceTree = "<group>";
		};
/* End PBXGroup section */

/* Begin PBXNativeTarget section */
		635479831CB898C000DE8CBC /* ColorgyCourse */ = {
			isa = PBXNativeTarget;
			buildConfigurationList = 635479AC1CB898C100DE8CBC /* Build configuration list for PBXNativeTarget "ColorgyCourse" */;
			buildPhases = (
				58E4341A3ED59D5BA12F8119 /* Check Pods Manifest.lock */,
				635479801CB898C000DE8CBC /* Sources */,
				635479811CB898C000DE8CBC /* Frameworks */,
				635479821CB898C000DE8CBC /* Resources */,
				11C09EAAC34B25F44EC5F429 /* Embed Pods Frameworks */,
				412A583853FC728546ED723D /* Copy Pods Resources */,
				635479B51CB89BAE00DE8CBC /* ShellScript */,
				635479C51CB89C4E00DE8CBC /* Embed Frameworks */,
				635479CD1CB8A2DD00DE8CBC /* ShellScript */,
			);
			buildRules = (
			);
			dependencies = (
			);
			name = ColorgyCourse;
			productName = ColorgyCourse;
			productReference = 635479841CB898C000DE8CBC /* ColorgyCourse.app */;
			productType = "com.apple.product-type.application";
		};
		635479971CB898C100DE8CBC /* ColorgyCourseTests */ = {
			isa = PBXNativeTarget;
			buildConfigurationList = 635479AF1CB898C100DE8CBC /* Build configuration list for PBXNativeTarget "ColorgyCourseTests" */;
			buildPhases = (
				635479941CB898C100DE8CBC /* Sources */,
				635479951CB898C100DE8CBC /* Frameworks */,
				635479961CB898C100DE8CBC /* Resources */,
			);
			buildRules = (
			);
			dependencies = (
				6354799A1CB898C100DE8CBC /* PBXTargetDependency */,
			);
			name = ColorgyCourseTests;
			productName = ColorgyCourseTests;
			productReference = 635479981CB898C100DE8CBC /* ColorgyCourseTests.xctest */;
			productType = "com.apple.product-type.bundle.unit-test";
		};
		635479A21CB898C100DE8CBC /* ColorgyCourseUITests */ = {
			isa = PBXNativeTarget;
			buildConfigurationList = 635479B21CB898C100DE8CBC /* Build configuration list for PBXNativeTarget "ColorgyCourseUITests" */;
			buildPhases = (
				6354799F1CB898C100DE8CBC /* Sources */,
				635479A01CB898C100DE8CBC /* Frameworks */,
				635479A11CB898C100DE8CBC /* Resources */,
			);
			buildRules = (
			);
			dependencies = (
				635479A51CB898C100DE8CBC /* PBXTargetDependency */,
			);
			name = ColorgyCourseUITests;
			productName = ColorgyCourseUITests;
			productReference = 635479A31CB898C100DE8CBC /* ColorgyCourseUITests.xctest */;
			productType = "com.apple.product-type.bundle.ui-testing";
		};
/* End PBXNativeTarget section */

/* Begin PBXProject section */
		6354797C1CB898C000DE8CBC /* Project object */ = {
			isa = PBXProject;
			attributes = {
				LastSwiftUpdateCheck = 0730;
				LastUpgradeCheck = 0730;
				ORGANIZATIONNAME = David;
				TargetAttributes = {
					635479831CB898C000DE8CBC = {
						CreatedOnToolsVersion = 7.3;
					};
					635479971CB898C100DE8CBC = {
						CreatedOnToolsVersion = 7.3;
						TestTargetID = 635479831CB898C000DE8CBC;
					};
					635479A21CB898C100DE8CBC = {
						CreatedOnToolsVersion = 7.3;
						TestTargetID = 635479831CB898C000DE8CBC;
					};
				};
			};
			buildConfigurationList = 6354797F1CB898C000DE8CBC /* Build configuration list for PBXProject "ColorgyCourse" */;
			compatibilityVersion = "Xcode 3.2";
			developmentRegion = English;
			hasScannedForEncodings = 0;
			knownRegions = (
				en,
				Base,
			);
			mainGroup = 6354797B1CB898C000DE8CBC;
			productRefGroup = 635479851CB898C000DE8CBC /* Products */;
			projectDirPath = "";
			projectRoot = "";
			targets = (
				635479831CB898C000DE8CBC /* ColorgyCourse */,
				635479971CB898C100DE8CBC /* ColorgyCourseTests */,
				635479A21CB898C100DE8CBC /* ColorgyCourseUITests */,
			);
		};
/* End PBXProject section */

/* Begin PBXResourcesBuildPhase section */
		635479821CB898C000DE8CBC /* Resources */ = {
			isa = PBXResourcesBuildPhase;
			buildActionMask = 2147483647;
			files = (
				635479921CB898C100DE8CBC /* LaunchScreen.storyboard in Resources */,
				6354798F1CB898C100DE8CBC /* Assets.xcassets in Resources */,
				6354798D1CB898C100DE8CBC /* Main.storyboard in Resources */,
			);
			runOnlyForDeploymentPostprocessing = 0;
		};
		635479961CB898C100DE8CBC /* Resources */ = {
			isa = PBXResourcesBuildPhase;
			buildActionMask = 2147483647;
			files = (
			);
			runOnlyForDeploymentPostprocessing = 0;
		};
		635479A11CB898C100DE8CBC /* Resources */ = {
			isa = PBXResourcesBuildPhase;
			buildActionMask = 2147483647;
			files = (
			);
			runOnlyForDeploymentPostprocessing = 0;
		};
/* End PBXResourcesBuildPhase section */

/* Begin PBXShellScriptBuildPhase section */
		11C09EAAC34B25F44EC5F429 /* Embed Pods Frameworks */ = {
			isa = PBXShellScriptBuildPhase;
			buildActionMask = 2147483647;
			files = (
			);
			inputPaths = (
			);
			name = "Embed Pods Frameworks";
			outputPaths = (
			);
			runOnlyForDeploymentPostprocessing = 0;
			shellPath = /bin/sh;
			shellScript = "\"${SRCROOT}/Pods/Target Support Files/Pods-ColorgyCourse/Pods-ColorgyCourse-frameworks.sh\"\n";
			showEnvVarsInLog = 0;
		};
		412A583853FC728546ED723D /* Copy Pods Resources */ = {
			isa = PBXShellScriptBuildPhase;
			buildActionMask = 2147483647;
			files = (
			);
			inputPaths = (
			);
			name = "Copy Pods Resources";
			outputPaths = (
			);
			runOnlyForDeploymentPostprocessing = 0;
			shellPath = /bin/sh;
			shellScript = "\"${SRCROOT}/Pods/Target Support Files/Pods-ColorgyCourse/Pods-ColorgyCourse-resources.sh\"\n";
			showEnvVarsInLog = 0;
		};
		58E4341A3ED59D5BA12F8119 /* Check Pods Manifest.lock */ = {
			isa = PBXShellScriptBuildPhase;
			buildActionMask = 2147483647;
			files = (
			);
			inputPaths = (
			);
			name = "Check Pods Manifest.lock";
			outputPaths = (
			);
			runOnlyForDeploymentPostprocessing = 0;
			shellPath = /bin/sh;
			shellScript = "diff \"${PODS_ROOT}/../Podfile.lock\" \"${PODS_ROOT}/Manifest.lock\" > /dev/null\nif [[ $? != 0 ]] ; then\n    cat << EOM\nerror: The sandbox is not in sync with the Podfile.lock. Run 'pod install' or update your CocoaPods installation.\nEOM\n    exit 1\nfi\n";
			showEnvVarsInLog = 0;
		};
		635479B51CB89BAE00DE8CBC /* ShellScript */ = {
			isa = PBXShellScriptBuildPhase;
			buildActionMask = 2147483647;
			files = (
			);
			inputPaths = (
				"$(SRCROOT)/Carthage/Build/iOS/AFNetworking.framework",
				"$(SRCROOT)/Carthage/Build/iOS/ImagePickerSheetController.framework",
				"$(SRCROOT)/Carthage/Build/iOS/SKPhotoBrowser.framework",
				"$(SRCROOT)/Carthage/Build/iOS/SwiftyJSON.framework",
				"$(SRCROOT)/Carthage/Build/iOS/WebImage.framework",
				"$(SRCROOT)/Carthage/Build/iOS/RealmSwift.framework",
				"$(SRCROOT)/Carthage/Build/iOS/Realm.framework",
				"$(SRCROOT)/Carthage/Build/iOS/KeychainSwift.framework",
			);
			outputPaths = (
			);
			runOnlyForDeploymentPostprocessing = 0;
			shellPath = /bin/sh;
			shellScript = "/usr/local/bin/carthage copy-frameworks";
		};
		635479CD1CB8A2DD00DE8CBC /* ShellScript */ = {
			isa = PBXShellScriptBuildPhase;
			buildActionMask = 2147483647;
			files = (
			);
			inputPaths = (
			);
			outputPaths = (
			);
			runOnlyForDeploymentPostprocessing = 0;
			shellPath = /bin/sh;
			shellScript = "\"${PODS_ROOT}/Fabric/run\" e709dd3229ee919ed0fef9ac4423afa4c9bae156 2fbc1d63ab59663379a655410b55e15089849de3798b93b390afc2613c3a9bb4";
		};
/* End PBXShellScriptBuildPhase section */

/* Begin PBXSourcesBuildPhase section */
		635479801CB898C000DE8CBC /* Sources */ = {
			isa = PBXSourcesBuildPhase;
			buildActionMask = 2147483647;
			files = (
				635479EA1CB8B02A00DE8CBC /* Course.swift in Sources */,
				635479EF1CB8B02A00DE8CBC /* DateExtension.swift in Sources */,
				630570161CBD1D47007D2C9D /* NumerExtensions.swift in Sources */,
				635479D11CB8AA0700DE8CBC /* LoginViewController.swift in Sources */,
				635479EC1CB8B02A00DE8CBC /* CourseRawDataObject.swift in Sources */,
				630570141CBD1C7D007D2C9D /* AvailableTarget.swift in Sources */,
				6305700E1CBD11EA007D2C9D /* ChatUser.swift in Sources */,
				6354798A1CB898C100DE8CBC /* ViewController.swift in Sources */,
				6305701E1CBD2902007D2C9D /* Chatroom.swift in Sources */,
				635479EE1CB8B02A00DE8CBC /* StringExtension.swift in Sources */,
				635479F31CB8B02A00DE8CBC /* ColorgyLoginResult.swift in Sources */,
				63056FFF1CBCABB7007D2C9D /* CourseOwnershipObject.swift in Sources */,
				6305701C1CBD268A007D2C9D /* HistoryChatroom.swift in Sources */,
				6305700A1CBD0AA1007D2C9D /* ColorgyChatAPI.swift in Sources */,
				635479ED1CB8B02A00DE8CBC /* SwiftyJSONExtension.swift in Sources */,
				635479FB1CB8D17800DE8CBC /* PeriodRawData.swift in Sources */,
				635479F11CB8B02A00DE8CBC /* ColorgyLogin.swift in Sources */,
				630570101CBD182D007D2C9D /* ChatMeUserInformation.swift in Sources */,
				630570031CBCC54C007D2C9D /* Organization.swift in Sources */,
				635479E91CB8B02A00DE8CBC /* ColorgyAPIUserResult.swift in Sources */,
				635479F01CB8B02A00DE8CBC /* ColorgyRefreshCenter.swift in Sources */,
				635479FF1CB8DECF00DE8CBC /* PeriodRawDataRealmObject.swift in Sources */,
				630570121CBD1A2E007D2C9D /* ChatUserInformation.swift in Sources */,
				6305700C1CBD0AB9007D2C9D /* ColorgySocket.swift in Sources */,
				630570181CBD233A007D2C9D /* Hello.swift in Sources */,
				635479CF1CB8A5EF00DE8CBC /* Release.swift in Sources */,
				635479E51CB8B02A00DE8CBC /* TimeStamp.swift in Sources */,
				635479E71CB8B02A00DE8CBC /* ColorgyAPI.swift in Sources */,
				635479D31CB8AC6300DE8CBC /* LoginViewModel.swift in Sources */,
				635479881CB898C100DE8CBC /* AppDelegate.swift in Sources */,
				630570051CBCC94A007D2C9D /* Department.swift in Sources */,
				635479E81CB8B02A00DE8CBC /* ColorgyAPIMeResult.swift in Sources */,
				635479EB1CB8B02A00DE8CBC /* Period.swift in Sources */,
				630570071CBCE26C007D2C9D /* UIImageExtension.swift in Sources */,
				635479F21CB8B02A00DE8CBC /* AFError.swift in Sources */,
				635479E61CB8B02A00DE8CBC /* AFNetworkingErrorParser.swift in Sources */,
				630570011CBCBC86007D2C9D /* Semester.swift in Sources */,
				635479E41CB8B02A00DE8CBC /* ColorgyUserInformation.swift in Sources */,
			);
			runOnlyForDeploymentPostprocessing = 0;
		};
		635479941CB898C100DE8CBC /* Sources */ = {
			isa = PBXSourcesBuildPhase;
			buildActionMask = 2147483647;
			files = (
				6354799D1CB898C100DE8CBC /* ColorgyCourseTests.swift in Sources */,
			);
			runOnlyForDeploymentPostprocessing = 0;
		};
		6354799F1CB898C100DE8CBC /* Sources */ = {
			isa = PBXSourcesBuildPhase;
			buildActionMask = 2147483647;
			files = (
				635479A81CB898C100DE8CBC /* ColorgyCourseUITests.swift in Sources */,
			);
			runOnlyForDeploymentPostprocessing = 0;
		};
/* End PBXSourcesBuildPhase section */

/* Begin PBXTargetDependency section */
		6354799A1CB898C100DE8CBC /* PBXTargetDependency */ = {
			isa = PBXTargetDependency;
			target = 635479831CB898C000DE8CBC /* ColorgyCourse */;
			targetProxy = 635479991CB898C100DE8CBC /* PBXContainerItemProxy */;
		};
		635479A51CB898C100DE8CBC /* PBXTargetDependency */ = {
			isa = PBXTargetDependency;
			target = 635479831CB898C000DE8CBC /* ColorgyCourse */;
			targetProxy = 635479A41CB898C100DE8CBC /* PBXContainerItemProxy */;
		};
/* End PBXTargetDependency section */

/* Begin PBXVariantGroup section */
		6354798B1CB898C100DE8CBC /* Main.storyboard */ = {
			isa = PBXVariantGroup;
			children = (
				6354798C1CB898C100DE8CBC /* Base */,
			);
			name = Main.storyboard;
			sourceTree = "<group>";
		};
		635479901CB898C100DE8CBC /* LaunchScreen.storyboard */ = {
			isa = PBXVariantGroup;
			children = (
				635479911CB898C100DE8CBC /* Base */,
			);
			name = LaunchScreen.storyboard;
			sourceTree = "<group>";
		};
/* End PBXVariantGroup section */

/* Begin XCBuildConfiguration section */
		635479AA1CB898C100DE8CBC /* Debug */ = {
			isa = XCBuildConfiguration;
			buildSettings = {
				ALWAYS_SEARCH_USER_PATHS = NO;
				CLANG_ANALYZER_NONNULL = YES;
				CLANG_CXX_LANGUAGE_STANDARD = "gnu++0x";
				CLANG_CXX_LIBRARY = "libc++";
				CLANG_ENABLE_MODULES = YES;
				CLANG_ENABLE_OBJC_ARC = YES;
				CLANG_WARN_BOOL_CONVERSION = YES;
				CLANG_WARN_CONSTANT_CONVERSION = YES;
				CLANG_WARN_DIRECT_OBJC_ISA_USAGE = YES_ERROR;
				CLANG_WARN_EMPTY_BODY = YES;
				CLANG_WARN_ENUM_CONVERSION = YES;
				CLANG_WARN_INT_CONVERSION = YES;
				CLANG_WARN_OBJC_ROOT_CLASS = YES_ERROR;
				CLANG_WARN_UNREACHABLE_CODE = YES;
				CLANG_WARN__DUPLICATE_METHOD_MATCH = YES;
				"CODE_SIGN_IDENTITY[sdk=iphoneos*]" = "iPhone Developer";
				COPY_PHASE_STRIP = NO;
				DEBUG_INFORMATION_FORMAT = dwarf;
				ENABLE_STRICT_OBJC_MSGSEND = YES;
				ENABLE_TESTABILITY = YES;
				GCC_C_LANGUAGE_STANDARD = gnu99;
				GCC_DYNAMIC_NO_PIC = NO;
				GCC_NO_COMMON_BLOCKS = YES;
				GCC_OPTIMIZATION_LEVEL = 0;
				GCC_PREPROCESSOR_DEFINITIONS = (
					"DEBUG=1",
					"$(inherited)",
				);
				GCC_WARN_64_TO_32_BIT_CONVERSION = YES;
				GCC_WARN_ABOUT_RETURN_TYPE = YES_ERROR;
				GCC_WARN_UNDECLARED_SELECTOR = YES;
				GCC_WARN_UNINITIALIZED_AUTOS = YES_AGGRESSIVE;
				GCC_WARN_UNUSED_FUNCTION = YES;
				GCC_WARN_UNUSED_VARIABLE = YES;
				IPHONEOS_DEPLOYMENT_TARGET = 9.3;
				MTL_ENABLE_DEBUG_INFO = YES;
				ONLY_ACTIVE_ARCH = YES;
				SDKROOT = iphoneos;
				SWIFT_OPTIMIZATION_LEVEL = "-Onone";
				TARGETED_DEVICE_FAMILY = "1,2";
			};
			name = Debug;
		};
		635479AB1CB898C100DE8CBC /* Release */ = {
			isa = XCBuildConfiguration;
			buildSettings = {
				ALWAYS_SEARCH_USER_PATHS = NO;
				CLANG_ANALYZER_NONNULL = YES;
				CLANG_CXX_LANGUAGE_STANDARD = "gnu++0x";
				CLANG_CXX_LIBRARY = "libc++";
				CLANG_ENABLE_MODULES = YES;
				CLANG_ENABLE_OBJC_ARC = YES;
				CLANG_WARN_BOOL_CONVERSION = YES;
				CLANG_WARN_CONSTANT_CONVERSION = YES;
				CLANG_WARN_DIRECT_OBJC_ISA_USAGE = YES_ERROR;
				CLANG_WARN_EMPTY_BODY = YES;
				CLANG_WARN_ENUM_CONVERSION = YES;
				CLANG_WARN_INT_CONVERSION = YES;
				CLANG_WARN_OBJC_ROOT_CLASS = YES_ERROR;
				CLANG_WARN_UNREACHABLE_CODE = YES;
				CLANG_WARN__DUPLICATE_METHOD_MATCH = YES;
				"CODE_SIGN_IDENTITY[sdk=iphoneos*]" = "iPhone Developer";
				COPY_PHASE_STRIP = NO;
				DEBUG_INFORMATION_FORMAT = "dwarf-with-dsym";
				ENABLE_NS_ASSERTIONS = NO;
				ENABLE_STRICT_OBJC_MSGSEND = YES;
				GCC_C_LANGUAGE_STANDARD = gnu99;
				GCC_NO_COMMON_BLOCKS = YES;
				GCC_WARN_64_TO_32_BIT_CONVERSION = YES;
				GCC_WARN_ABOUT_RETURN_TYPE = YES_ERROR;
				GCC_WARN_UNDECLARED_SELECTOR = YES;
				GCC_WARN_UNINITIALIZED_AUTOS = YES_AGGRESSIVE;
				GCC_WARN_UNUSED_FUNCTION = YES;
				GCC_WARN_UNUSED_VARIABLE = YES;
				IPHONEOS_DEPLOYMENT_TARGET = 9.3;
				MTL_ENABLE_DEBUG_INFO = NO;
				SDKROOT = iphoneos;
				TARGETED_DEVICE_FAMILY = "1,2";
				VALIDATE_PRODUCT = YES;
			};
			name = Release;
		};
		635479AD1CB898C100DE8CBC /* Debug */ = {
			isa = XCBuildConfiguration;
			baseConfigurationReference = 9F013244A3B8C8F64571951C /* Pods-ColorgyCourse.debug.xcconfig */;
			buildSettings = {
				ASSETCATALOG_COMPILER_APPICON_NAME = AppIcon;
				FRAMEWORK_SEARCH_PATHS = (
					"$(inherited)",
					"$(PROJECT_DIR)/Carthage/Build/iOS",
				);
				INFOPLIST_FILE = ColorgyCourse/Info.plist;
				IPHONEOS_DEPLOYMENT_TARGET = 8.1;
				LD_RUNPATH_SEARCH_PATHS = "$(inherited) @executable_path/Frameworks";
				OTHER_SWIFT_FLAGS = "-D DEBUG";
				PRODUCT_BUNDLE_IDENTIFIER = misk.ColorgyCourse;
				PRODUCT_NAME = "$(TARGET_NAME)";
				SWIFT_OBJC_BRIDGING_HEADER = ./BridghingHeader.h;
			};
			name = Debug;
		};
		635479AE1CB898C100DE8CBC /* Release */ = {
			isa = XCBuildConfiguration;
			baseConfigurationReference = F16E987B487403193816ADE4 /* Pods-ColorgyCourse.release.xcconfig */;
			buildSettings = {
				ASSETCATALOG_COMPILER_APPICON_NAME = AppIcon;
				FRAMEWORK_SEARCH_PATHS = (
					"$(inherited)",
					"$(PROJECT_DIR)/Carthage/Build/iOS",
				);
				INFOPLIST_FILE = ColorgyCourse/Info.plist;
				IPHONEOS_DEPLOYMENT_TARGET = 8.1;
				LD_RUNPATH_SEARCH_PATHS = "$(inherited) @executable_path/Frameworks";
				OTHER_SWIFT_FLAGS = "";
				PRODUCT_BUNDLE_IDENTIFIER = misk.ColorgyCourse;
				PRODUCT_NAME = "$(TARGET_NAME)";
				SWIFT_OBJC_BRIDGING_HEADER = ./BridghingHeader.h;
			};
			name = Release;
		};
		635479B01CB898C100DE8CBC /* Debug */ = {
			isa = XCBuildConfiguration;
			buildSettings = {
				BUNDLE_LOADER = "$(TEST_HOST)";
				INFOPLIST_FILE = ColorgyCourseTests/Info.plist;
				LD_RUNPATH_SEARCH_PATHS = "$(inherited) @executable_path/Frameworks @loader_path/Frameworks";
				PRODUCT_BUNDLE_IDENTIFIER = misk.ColorgyCourseTests;
				PRODUCT_NAME = "$(TARGET_NAME)";
				TEST_HOST = "$(BUILT_PRODUCTS_DIR)/ColorgyCourse.app/ColorgyCourse";
			};
			name = Debug;
		};
		635479B11CB898C100DE8CBC /* Release */ = {
			isa = XCBuildConfiguration;
			buildSettings = {
				BUNDLE_LOADER = "$(TEST_HOST)";
				INFOPLIST_FILE = ColorgyCourseTests/Info.plist;
				LD_RUNPATH_SEARCH_PATHS = "$(inherited) @executable_path/Frameworks @loader_path/Frameworks";
				PRODUCT_BUNDLE_IDENTIFIER = misk.ColorgyCourseTests;
				PRODUCT_NAME = "$(TARGET_NAME)";
				TEST_HOST = "$(BUILT_PRODUCTS_DIR)/ColorgyCourse.app/ColorgyCourse";
			};
			name = Release;
		};
		635479B31CB898C100DE8CBC /* Debug */ = {
			isa = XCBuildConfiguration;
			buildSettings = {
				INFOPLIST_FILE = ColorgyCourseUITests/Info.plist;
				LD_RUNPATH_SEARCH_PATHS = "$(inherited) @executable_path/Frameworks @loader_path/Frameworks";
				PRODUCT_BUNDLE_IDENTIFIER = misk.ColorgyCourseUITests;
				PRODUCT_NAME = "$(TARGET_NAME)";
				TEST_TARGET_NAME = ColorgyCourse;
			};
			name = Debug;
		};
		635479B41CB898C100DE8CBC /* Release */ = {
			isa = XCBuildConfiguration;
			buildSettings = {
				INFOPLIST_FILE = ColorgyCourseUITests/Info.plist;
				LD_RUNPATH_SEARCH_PATHS = "$(inherited) @executable_path/Frameworks @loader_path/Frameworks";
				PRODUCT_BUNDLE_IDENTIFIER = misk.ColorgyCourseUITests;
				PRODUCT_NAME = "$(TARGET_NAME)";
				TEST_TARGET_NAME = ColorgyCourse;
			};
			name = Release;
		};
/* End XCBuildConfiguration section */

/* Begin XCConfigurationList section */
		6354797F1CB898C000DE8CBC /* Build configuration list for PBXProject "ColorgyCourse" */ = {
			isa = XCConfigurationList;
			buildConfigurations = (
				635479AA1CB898C100DE8CBC /* Debug */,
				635479AB1CB898C100DE8CBC /* Release */,
			);
			defaultConfigurationIsVisible = 0;
			defaultConfigurationName = Release;
		};
		635479AC1CB898C100DE8CBC /* Build configuration list for PBXNativeTarget "ColorgyCourse" */ = {
			isa = XCConfigurationList;
			buildConfigurations = (
				635479AD1CB898C100DE8CBC /* Debug */,
				635479AE1CB898C100DE8CBC /* Release */,
			);
			defaultConfigurationIsVisible = 0;
			defaultConfigurationName = Release;
		};
		635479AF1CB898C100DE8CBC /* Build configuration list for PBXNativeTarget "ColorgyCourseTests" */ = {
			isa = XCConfigurationList;
			buildConfigurations = (
				635479B01CB898C100DE8CBC /* Debug */,
				635479B11CB898C100DE8CBC /* Release */,
			);
			defaultConfigurationIsVisible = 0;
			defaultConfigurationName = Release;
		};
		635479B21CB898C100DE8CBC /* Build configuration list for PBXNativeTarget "ColorgyCourseUITests" */ = {
			isa = XCConfigurationList;
			buildConfigurations = (
				635479B31CB898C100DE8CBC /* Debug */,
				635479B41CB898C100DE8CBC /* Release */,
			);
			defaultConfigurationIsVisible = 0;
			defaultConfigurationName = Release;
		};
/* End XCConfigurationList section */
	};
	rootObject = 6354797C1CB898C000DE8CBC /* Project object */;
}
