// !$*UTF8*$!
{
	archiveVersion = 1;
	classes = {
	};
	objectVersion = 46;
	objects = {

/* Begin PBXBuildFile section */
		630337E71CE964EE006FEA1C /* BlurWallView.swift in Sources */ = {isa = PBXBuildFile; fileRef = 630337E61CE964EE006FEA1C /* BlurWallView.swift */; };
		630337E91CE9732B006FEA1C /* BlurWallViewCell.swift in Sources */ = {isa = PBXBuildFile; fileRef = 630337E81CE9732B006FEA1C /* BlurWallViewCell.swift */; };
		630337EC1CE974CE006FEA1C /* BlurWallViewModel.swift in Sources */ = {isa = PBXBuildFile; fileRef = 630337EB1CE974CE006FEA1C /* BlurWallViewModel.swift */; };
		630337EE1CE97906006FEA1C /* BlurWallViewController.swift in Sources */ = {isa = PBXBuildFile; fileRef = 630337ED1CE97906006FEA1C /* BlurWallViewController.swift */; };
		630337F01CE9AB4B006FEA1C /* AvailableTargetList.swift in Sources */ = {isa = PBXBuildFile; fileRef = 630337EF1CE9AB4B006FEA1C /* AvailableTargetList.swift */; };
		630337F21CE9B265006FEA1C /* 1.png in Resources */ = {isa = PBXBuildFile; fileRef = 630337F11CE9B265006FEA1C /* 1.png */; };
		630472841CE5782C00D907C4 /* SearchEventListViewController.swift in Sources */ = {isa = PBXBuildFile; fileRef = 630472831CE5782C00D907C4 /* SearchEventListViewController.swift */; };
		630472861CE5AA4E00D907C4 /* SearchEventListViewModel.swift in Sources */ = {isa = PBXBuildFile; fileRef = 630472851CE5AA4E00D907C4 /* SearchEventListViewModel.swift */; };
		630472891CE5DD2000D907C4 /* WeekCalendarViewController.swift in Sources */ = {isa = PBXBuildFile; fileRef = 630472881CE5DD2000D907C4 /* WeekCalendarViewController.swift */; };
		6304728B1CE5DDC500D907C4 /* WeekCalendarView.swift in Sources */ = {isa = PBXBuildFile; fileRef = 6304728A1CE5DDC500D907C4 /* WeekCalendarView.swift */; };
		63056FFF1CBCABB7007D2C9D /* CourseOwnershipObject.swift in Sources */ = {isa = PBXBuildFile; fileRef = 63056FFE1CBCABB7007D2C9D /* CourseOwnershipObject.swift */; };
		630570011CBCBC86007D2C9D /* Semester.swift in Sources */ = {isa = PBXBuildFile; fileRef = 630570001CBCBC86007D2C9D /* Semester.swift */; };
		630570051CBCC94A007D2C9D /* Department.swift in Sources */ = {isa = PBXBuildFile; fileRef = 630570041CBCC94A007D2C9D /* Department.swift */; };
		6305700A1CBD0AA1007D2C9D /* ColorgyChatAPI.swift in Sources */ = {isa = PBXBuildFile; fileRef = 630570091CBD0AA1007D2C9D /* ColorgyChatAPI.swift */; };
		6305700C1CBD0AB9007D2C9D /* ColorgySocket.swift in Sources */ = {isa = PBXBuildFile; fileRef = 6305700B1CBD0AB9007D2C9D /* ColorgySocket.swift */; };
		6305700E1CBD11EA007D2C9D /* ChatUser.swift in Sources */ = {isa = PBXBuildFile; fileRef = 6305700D1CBD11EA007D2C9D /* ChatUser.swift */; };
		630570121CBD1A2E007D2C9D /* ChatUserInformation.swift in Sources */ = {isa = PBXBuildFile; fileRef = 630570111CBD1A2E007D2C9D /* ChatUserInformation.swift */; };
		630570181CBD233A007D2C9D /* Hello.swift in Sources */ = {isa = PBXBuildFile; fileRef = 630570171CBD233A007D2C9D /* Hello.swift */; };
		6305701C1CBD268A007D2C9D /* HistoryChatroom.swift in Sources */ = {isa = PBXBuildFile; fileRef = 6305701B1CBD268A007D2C9D /* HistoryChatroom.swift */; };
		6305701E1CBD2902007D2C9D /* Chatroom.swift in Sources */ = {isa = PBXBuildFile; fileRef = 6305701D1CBD2902007D2C9D /* Chatroom.swift */; };
		630570201CBD2999007D2C9D /* ChatMessage.swift in Sources */ = {isa = PBXBuildFile; fileRef = 6305701F1CBD2999007D2C9D /* ChatMessage.swift */; };
		635479881CB898C100DE8CBC /* AppDelegate.swift in Sources */ = {isa = PBXBuildFile; fileRef = 635479871CB898C100DE8CBC /* AppDelegate.swift */; };
		6354798A1CB898C100DE8CBC /* ViewController.swift in Sources */ = {isa = PBXBuildFile; fileRef = 635479891CB898C100DE8CBC /* ViewController.swift */; };
		6354798D1CB898C100DE8CBC /* Main.storyboard in Resources */ = {isa = PBXBuildFile; fileRef = 6354798B1CB898C100DE8CBC /* Main.storyboard */; };
		6354798F1CB898C100DE8CBC /* Assets.xcassets in Resources */ = {isa = PBXBuildFile; fileRef = 6354798E1CB898C100DE8CBC /* Assets.xcassets */; };
		635479921CB898C100DE8CBC /* LaunchScreen.storyboard in Resources */ = {isa = PBXBuildFile; fileRef = 635479901CB898C100DE8CBC /* LaunchScreen.storyboard */; };
		6354799D1CB898C100DE8CBC /* ColorgyCourseTests.swift in Sources */ = {isa = PBXBuildFile; fileRef = 6354799C1CB898C100DE8CBC /* ColorgyCourseTests.swift */; };
		635479A81CB898C100DE8CBC /* ColorgyCourseUITests.swift in Sources */ = {isa = PBXBuildFile; fileRef = 635479A71CB898C100DE8CBC /* ColorgyCourseUITests.swift */; };
		635479CF1CB8A5EF00DE8CBC /* Release.swift in Sources */ = {isa = PBXBuildFile; fileRef = 635479CE1CB8A5EF00DE8CBC /* Release.swift */; };
		635479D11CB8AA0700DE8CBC /* LoginViewController.swift in Sources */ = {isa = PBXBuildFile; fileRef = 635479D01CB8AA0700DE8CBC /* LoginViewController.swift */; };
		635479D31CB8AC6300DE8CBC /* LoginViewModel.swift in Sources */ = {isa = PBXBuildFile; fileRef = 635479D21CB8AC6300DE8CBC /* LoginViewModel.swift */; };
		635479E41CB8B02A00DE8CBC /* ColorgyUserInformation.swift in Sources */ = {isa = PBXBuildFile; fileRef = 635479D41CB8B02A00DE8CBC /* ColorgyUserInformation.swift */; };
		635479E51CB8B02A00DE8CBC /* TimeStamp.swift in Sources */ = {isa = PBXBuildFile; fileRef = 635479D51CB8B02A00DE8CBC /* TimeStamp.swift */; };
		635479E61CB8B02A00DE8CBC /* AFNetworkingErrorParser.swift in Sources */ = {isa = PBXBuildFile; fileRef = 635479D61CB8B02A00DE8CBC /* AFNetworkingErrorParser.swift */; };
		635479E71CB8B02A00DE8CBC /* ColorgyAPI.swift in Sources */ = {isa = PBXBuildFile; fileRef = 635479D71CB8B02A00DE8CBC /* ColorgyAPI.swift */; };
		635479E81CB8B02A00DE8CBC /* ColorgyAPIMeResult.swift in Sources */ = {isa = PBXBuildFile; fileRef = 635479D81CB8B02A00DE8CBC /* ColorgyAPIMeResult.swift */; };
		635479E91CB8B02A00DE8CBC /* ColorgyAPIUserResult.swift in Sources */ = {isa = PBXBuildFile; fileRef = 635479D91CB8B02A00DE8CBC /* ColorgyAPIUserResult.swift */; };
		635479EA1CB8B02A00DE8CBC /* Course.swift in Sources */ = {isa = PBXBuildFile; fileRef = 635479DA1CB8B02A00DE8CBC /* Course.swift */; };
		635479EB1CB8B02A00DE8CBC /* Period.swift in Sources */ = {isa = PBXBuildFile; fileRef = 635479DB1CB8B02A00DE8CBC /* Period.swift */; };
		635479EC1CB8B02A00DE8CBC /* CourseRawDataObject.swift in Sources */ = {isa = PBXBuildFile; fileRef = 635479DC1CB8B02A00DE8CBC /* CourseRawDataObject.swift */; };
		635479ED1CB8B02A00DE8CBC /* SwiftyJSONExtension.swift in Sources */ = {isa = PBXBuildFile; fileRef = 635479DD1CB8B02A00DE8CBC /* SwiftyJSONExtension.swift */; };
		635479EE1CB8B02A00DE8CBC /* StringExtension.swift in Sources */ = {isa = PBXBuildFile; fileRef = 635479DE1CB8B02A00DE8CBC /* StringExtension.swift */; };
		635479EF1CB8B02A00DE8CBC /* DateExtension.swift in Sources */ = {isa = PBXBuildFile; fileRef = 635479DF1CB8B02A00DE8CBC /* DateExtension.swift */; };
		635479F01CB8B02A00DE8CBC /* ColorgyRefreshCenter.swift in Sources */ = {isa = PBXBuildFile; fileRef = 635479E01CB8B02A00DE8CBC /* ColorgyRefreshCenter.swift */; };
		635479F11CB8B02A00DE8CBC /* ColorgyLogin.swift in Sources */ = {isa = PBXBuildFile; fileRef = 635479E11CB8B02A00DE8CBC /* ColorgyLogin.swift */; };
		635479F21CB8B02A00DE8CBC /* AFError.swift in Sources */ = {isa = PBXBuildFile; fileRef = 635479E21CB8B02A00DE8CBC /* AFError.swift */; };
		635479F31CB8B02A00DE8CBC /* ColorgyLoginResult.swift in Sources */ = {isa = PBXBuildFile; fileRef = 635479E31CB8B02A00DE8CBC /* ColorgyLoginResult.swift */; };
		635479FB1CB8D17800DE8CBC /* PeriodRawData.swift in Sources */ = {isa = PBXBuildFile; fileRef = 635479FA1CB8D17800DE8CBC /* PeriodRawData.swift */; };
		635479FF1CB8DECF00DE8CBC /* PeriodRawDataRealmObject.swift in Sources */ = {isa = PBXBuildFile; fileRef = 635479FE1CB8DECF00DE8CBC /* PeriodRawDataRealmObject.swift */; };
		63561C4C1CBF937F004AEF6D /* ColorgyColor.swift in Sources */ = {isa = PBXBuildFile; fileRef = 63561C4B1CBF937F004AEF6D /* ColorgyColor.swift */; };
		63561C4E1CBF9848004AEF6D /* EmailRegisterViewModel.swift in Sources */ = {isa = PBXBuildFile; fileRef = 63561C4D1CBF9848004AEF6D /* EmailRegisterViewModel.swift */; };
		6373055C1CBF72190016A7FC /* TestPeriod.swift in Sources */ = {isa = PBXBuildFile; fileRef = 6373055B1CBF72190016A7FC /* TestPeriod.swift */; };
		637305601CBF823B0016A7FC /* EmailRegisterViewController.swift in Sources */ = {isa = PBXBuildFile; fileRef = 6373055F1CBF823B0016A7FC /* EmailRegisterViewController.swift */; };
		637305621CBF82D10016A7FC /* IconedTextInputView.swift in Sources */ = {isa = PBXBuildFile; fileRef = 637305611CBF82D10016A7FC /* IconedTextInputView.swift */; };
		637305641CBF83D80016A7FC /* UIViewExtension.swift in Sources */ = {isa = PBXBuildFile; fileRef = 637305631CBF83D80016A7FC /* UIViewExtension.swift */; };
		637547701CC8A96900BC3BBD /* ChatMessageList.swift in Sources */ = {isa = PBXBuildFile; fileRef = 6375476F1CC8A96900BC3BBD /* ChatMessageList.swift */; };
		637547721CC8B1BB00BC3BBD /* FloatingOptionView.swift in Sources */ = {isa = PBXBuildFile; fileRef = 637547711CC8B1BB00BC3BBD /* FloatingOptionView.swift */; };
		637547741CC8BE8400BC3BBD /* SayHelloCountsCell.swift in Sources */ = {isa = PBXBuildFile; fileRef = 637547731CC8BE8400BC3BBD /* SayHelloCountsCell.swift */; };
		637547761CC8BF4A00BC3BBD /* FriendListViewModel.swift in Sources */ = {isa = PBXBuildFile; fileRef = 637547751CC8BF4A00BC3BBD /* FriendListViewModel.swift */; };
		637547781CC8BF6200BC3BBD /* FriendListViewController.swift in Sources */ = {isa = PBXBuildFile; fileRef = 637547771CC8BF6200BC3BBD /* FriendListViewController.swift */; };
		6375477A1CC8C23700BC3BBD /* FriendListTableViewCell.swift in Sources */ = {isa = PBXBuildFile; fileRef = 637547791CC8C23700BC3BBD /* FriendListTableViewCell.swift */; };
		6375477C1CC8D69800BC3BBD /* ColorgyChatContext.swift in Sources */ = {isa = PBXBuildFile; fileRef = 6375477B1CC8D69800BC3BBD /* ColorgyChatContext.swift */; };
		6375477D1CC9D67600BC3BBD /* ColorgyChatContext.swift in Sources */ = {isa = PBXBuildFile; fileRef = 6375477B1CC8D69800BC3BBD /* ColorgyChatContext.swift */; };
		63C3CE131CC0AFF0000EE808 /* EmailLoginViewController.swift in Sources */ = {isa = PBXBuildFile; fileRef = 63C3CE121CC0AFF0000EE808 /* EmailLoginViewController.swift */; };
		63C3CE151CC0B0B2000EE808 /* EmailLoginViewModel.swift in Sources */ = {isa = PBXBuildFile; fileRef = 63C3CE141CC0B0B2000EE808 /* EmailLoginViewModel.swift */; };
		63C3CE1E1CC0C76F000EE808 /* AvailableTarget.swift in Sources */ = {isa = PBXBuildFile; fileRef = 63C3CE181CC0C76F000EE808 /* AvailableTarget.swift */; };
		63C3CE1F1CC0C76F000EE808 /* ChatMeUserInformation.swift in Sources */ = {isa = PBXBuildFile; fileRef = 63C3CE191CC0C76F000EE808 /* ChatMeUserInformation.swift */; };
		63C3CE201CC0C76F000EE808 /* ColorgyAppNotification.swift in Sources */ = {isa = PBXBuildFile; fileRef = 63C3CE1A1CC0C76F000EE808 /* ColorgyAppNotification.swift */; };
		63C3CE211CC0C76F000EE808 /* NumerExtensions.swift in Sources */ = {isa = PBXBuildFile; fileRef = 63C3CE1B1CC0C76F000EE808 /* NumerExtensions.swift */; };
		63C3CE221CC0C76F000EE808 /* Organization.swift in Sources */ = {isa = PBXBuildFile; fileRef = 63C3CE1C1CC0C76F000EE808 /* Organization.swift */; };
		63C3CE231CC0C76F000EE808 /* UIImageExtension.swift in Sources */ = {isa = PBXBuildFile; fileRef = 63C3CE1D1CC0C76F000EE808 /* UIImageExtension.swift */; };
		63C3CE251CC0C844000EE808 /* TestTimeStamp.swift in Sources */ = {isa = PBXBuildFile; fileRef = 63C3CE241CC0C844000EE808 /* TestTimeStamp.swift */; };
		63C3CE261CC0C8A5000EE808 /* Organization.swift in Sources */ = {isa = PBXBuildFile; fileRef = 63C3CE1C1CC0C76F000EE808 /* Organization.swift */; };
		63C3CE2B1CC0C8B5000EE808 /* ColorgyAppNotification.swift in Sources */ = {isa = PBXBuildFile; fileRef = 63C3CE1A1CC0C76F000EE808 /* ColorgyAppNotification.swift */; };
		63C3CE2C1CC0C8B5000EE808 /* Release.swift in Sources */ = {isa = PBXBuildFile; fileRef = 635479CE1CB8A5EF00DE8CBC /* Release.swift */; };
		63C3CE2D1CC0C8B5000EE808 /* ViewController.swift in Sources */ = {isa = PBXBuildFile; fileRef = 635479891CB898C100DE8CBC /* ViewController.swift */; };
		63C3CE2E1CC0C8B5000EE808 /* ColorgyColor.swift in Sources */ = {isa = PBXBuildFile; fileRef = 63561C4B1CBF937F004AEF6D /* ColorgyColor.swift */; };
		63C3CE341CC0C8BC000EE808 /* EmailLoginViewController.swift in Sources */ = {isa = PBXBuildFile; fileRef = 63C3CE121CC0AFF0000EE808 /* EmailLoginViewController.swift */; };
		63C3CE351CC0C8BC000EE808 /* EmailLoginViewModel.swift in Sources */ = {isa = PBXBuildFile; fileRef = 63C3CE141CC0B0B2000EE808 /* EmailLoginViewModel.swift */; };
		63C3CE361CC0C8BC000EE808 /* EmailRegisterViewController.swift in Sources */ = {isa = PBXBuildFile; fileRef = 6373055F1CBF823B0016A7FC /* EmailRegisterViewController.swift */; };
		63C3CE371CC0C8BC000EE808 /* EmailRegisterViewModel.swift in Sources */ = {isa = PBXBuildFile; fileRef = 63561C4D1CBF9848004AEF6D /* EmailRegisterViewModel.swift */; };
		63C3CE381CC0C8BC000EE808 /* IconedTextInputView.swift in Sources */ = {isa = PBXBuildFile; fileRef = 637305611CBF82D10016A7FC /* IconedTextInputView.swift */; };
		63C3CE391CC0C8BC000EE808 /* LoginViewController.swift in Sources */ = {isa = PBXBuildFile; fileRef = 635479D01CB8AA0700DE8CBC /* LoginViewController.swift */; };
		63C3CE3A1CC0C8BC000EE808 /* LoginViewModel.swift in Sources */ = {isa = PBXBuildFile; fileRef = 635479D21CB8AC6300DE8CBC /* LoginViewModel.swift */; };
		63C3CE3B1CC0C8C0000EE808 /* NumerExtensions.swift in Sources */ = {isa = PBXBuildFile; fileRef = 63C3CE1B1CC0C76F000EE808 /* NumerExtensions.swift */; };
		63C3CE3C1CC0C8C0000EE808 /* UIImageExtension.swift in Sources */ = {isa = PBXBuildFile; fileRef = 63C3CE1D1CC0C76F000EE808 /* UIImageExtension.swift */; };
		63C3CE3D1CC0C8C0000EE808 /* UIViewExtension.swift in Sources */ = {isa = PBXBuildFile; fileRef = 637305631CBF83D80016A7FC /* UIViewExtension.swift */; };
		63C3CE3E1CC0C8CD000EE808 /* AvailableTarget.swift in Sources */ = {isa = PBXBuildFile; fileRef = 63C3CE181CC0C76F000EE808 /* AvailableTarget.swift */; };
		63C3CE3F1CC0C8CD000EE808 /* ChatMeUserInformation.swift in Sources */ = {isa = PBXBuildFile; fileRef = 63C3CE191CC0C76F000EE808 /* ChatMeUserInformation.swift */; };
		63C3CE431CC0C945000EE808 /* libc++.tbd in Frameworks */ = {isa = PBXBuildFile; fileRef = 63C3CE421CC0C945000EE808 /* libc++.tbd */; };
		63C3CE451CC0C94B000EE808 /* libz.tbd in Frameworks */ = {isa = PBXBuildFile; fileRef = 63C3CE441CC0C94B000EE808 /* libz.tbd */; };
		63C3CE471CC0C98B000EE808 /* SystemConfiguration.framework in Frameworks */ = {isa = PBXBuildFile; fileRef = 63C3CE461CC0C98B000EE808 /* SystemConfiguration.framework */; };
		63C3CE491CC0C990000EE808 /* Security.framework in Frameworks */ = {isa = PBXBuildFile; fileRef = 63C3CE481CC0C990000EE808 /* Security.framework */; };
		63EC77201CC6060E008025A7 /* ColorgyNavigationController.swift in Sources */ = {isa = PBXBuildFile; fileRef = 63EC771F1CC6060E008025A7 /* ColorgyNavigationController.swift */; };
		63EC77B21CC8743D008025A7 /* ATrickyView.swift in Sources */ = {isa = PBXBuildFile; fileRef = 63EC77A21CC8743D008025A7 /* ATrickyView.swift */; };
		63EC77B31CC8743D008025A7 /* DLIncomingMessageBubble.swift in Sources */ = {isa = PBXBuildFile; fileRef = 63EC77A31CC8743D008025A7 /* DLIncomingMessageBubble.swift */; };
		63EC77B41CC8743D008025A7 /* DLIncomingMessageBubble.xib in Resources */ = {isa = PBXBuildFile; fileRef = 63EC77A41CC8743D008025A7 /* DLIncomingMessageBubble.xib */; };
		63EC77B51CC8743D008025A7 /* DLIncomingMessageDelegate.swift in Sources */ = {isa = PBXBuildFile; fileRef = 63EC77A51CC8743D008025A7 /* DLIncomingMessageDelegate.swift */; };
		63EC77B61CC8743D008025A7 /* DLIncomingPhotoBubble.swift in Sources */ = {isa = PBXBuildFile; fileRef = 63EC77A61CC8743D008025A7 /* DLIncomingPhotoBubble.swift */; };
		63EC77B71CC8743D008025A7 /* DLIncomingPhotoBubble.xib in Resources */ = {isa = PBXBuildFile; fileRef = 63EC77A71CC8743D008025A7 /* DLIncomingPhotoBubble.xib */; };
		63EC77B81CC8743D008025A7 /* DLMessageData.swift in Sources */ = {isa = PBXBuildFile; fileRef = 63EC77A81CC8743D008025A7 /* DLMessageData.swift */; };
		63EC77B91CC8743D008025A7 /* DLMessageLabel.swift in Sources */ = {isa = PBXBuildFile; fileRef = 63EC77A91CC8743D008025A7 /* DLMessageLabel.swift */; };
		63EC77BA1CC8743D008025A7 /* DLMessagesViewController.swift in Sources */ = {isa = PBXBuildFile; fileRef = 63EC77AA1CC8743D008025A7 /* DLMessagesViewController.swift */; };
		63EC77BB1CC8743D008025A7 /* DLOutgoingMessageBubble.swift in Sources */ = {isa = PBXBuildFile; fileRef = 63EC77AB1CC8743D008025A7 /* DLOutgoingMessageBubble.swift */; };
		63EC77BC1CC8743D008025A7 /* DLOutgoingMessageBubble.xib in Resources */ = {isa = PBXBuildFile; fileRef = 63EC77AC1CC8743D008025A7 /* DLOutgoingMessageBubble.xib */; };
		63EC77BD1CC8743D008025A7 /* DLOutgoingPhotoBubble.swift in Sources */ = {isa = PBXBuildFile; fileRef = 63EC77AD1CC8743D008025A7 /* DLOutgoingPhotoBubble.swift */; };
		63EC77BE1CC8743D008025A7 /* DLOutgoingPhotoBubble.xib in Resources */ = {isa = PBXBuildFile; fileRef = 63EC77AE1CC8743D008025A7 /* DLOutgoingPhotoBubble.xib */; };
		63EC77BF1CC8743D008025A7 /* DLPhotoMessageDelegate.swift in Sources */ = {isa = PBXBuildFile; fileRef = 63EC77AF1CC8743D008025A7 /* DLPhotoMessageDelegate.swift */; };
		63EC77C11CC8743D008025A7 /* TextInputView.swift in Sources */ = {isa = PBXBuildFile; fileRef = 63EC77B11CC8743D008025A7 /* TextInputView.swift */; };
		63EC77C31CC87595008025A7 /* ChatRoomViewController.swift in Sources */ = {isa = PBXBuildFile; fileRef = 63EC77C21CC87595008025A7 /* ChatRoomViewController.swift */; };
		63EC77C51CC875A0008025A7 /* ChatRoomViewModel.swift in Sources */ = {isa = PBXBuildFile; fileRef = 63EC77C41CC875A0008025A7 /* ChatRoomViewModel.swift */; };
		63F3EE6B1CBF3CA00010D059 /* TestColorgyRefershCenter.swift in Sources */ = {isa = PBXBuildFile; fileRef = 63F3EE6A1CBF3CA00010D059 /* TestColorgyRefershCenter.swift */; };
		63F3EE731CBF49CC0010D059 /* PeriodRawDataRealmObject.swift in Sources */ = {isa = PBXBuildFile; fileRef = 635479FE1CB8DECF00DE8CBC /* PeriodRawDataRealmObject.swift */; };
		63F3EE761CBF49D10010D059 /* ColorgyUserInformation.swift in Sources */ = {isa = PBXBuildFile; fileRef = 635479D41CB8B02A00DE8CBC /* ColorgyUserInformation.swift */; };
		63F3EE781CBF49D10010D059 /* PeriodRawData.swift in Sources */ = {isa = PBXBuildFile; fileRef = 635479FA1CB8D17800DE8CBC /* PeriodRawData.swift */; };
		63F3EE791CBF49D10010D059 /* Department.swift in Sources */ = {isa = PBXBuildFile; fileRef = 630570041CBCC94A007D2C9D /* Department.swift */; };
		63F3EE7A1CBF49D10010D059 /* CourseOwnershipObject.swift in Sources */ = {isa = PBXBuildFile; fileRef = 63056FFE1CBCABB7007D2C9D /* CourseOwnershipObject.swift */; };
		63F3EE7B1CBF49DF0010D059 /* AFNetworkingErrorParser.swift in Sources */ = {isa = PBXBuildFile; fileRef = 635479D61CB8B02A00DE8CBC /* AFNetworkingErrorParser.swift */; };
		63F3EE7C1CBF49DF0010D059 /* AFError.swift in Sources */ = {isa = PBXBuildFile; fileRef = 635479E21CB8B02A00DE8CBC /* AFError.swift */; };
		63F3EE7D1CBF49DF0010D059 /* ColorgyAPI.swift in Sources */ = {isa = PBXBuildFile; fileRef = 635479D71CB8B02A00DE8CBC /* ColorgyAPI.swift */; };
		63F3EE7E1CBF49DF0010D059 /* Semester.swift in Sources */ = {isa = PBXBuildFile; fileRef = 630570001CBCBC86007D2C9D /* Semester.swift */; };
		63F3EE7F1CBF49DF0010D059 /* ColorgyAPIMeResult.swift in Sources */ = {isa = PBXBuildFile; fileRef = 635479D81CB8B02A00DE8CBC /* ColorgyAPIMeResult.swift */; };
		63F3EE801CBF49DF0010D059 /* ColorgyAPIUserResult.swift in Sources */ = {isa = PBXBuildFile; fileRef = 635479D91CB8B02A00DE8CBC /* ColorgyAPIUserResult.swift */; };
		63F3EE811CBF49DF0010D059 /* Course.swift in Sources */ = {isa = PBXBuildFile; fileRef = 635479DA1CB8B02A00DE8CBC /* Course.swift */; };
		63F3EE821CBF49DF0010D059 /* Period.swift in Sources */ = {isa = PBXBuildFile; fileRef = 635479DB1CB8B02A00DE8CBC /* Period.swift */; };
		63F3EE831CBF49DF0010D059 /* CourseRawDataObject.swift in Sources */ = {isa = PBXBuildFile; fileRef = 635479DC1CB8B02A00DE8CBC /* CourseRawDataObject.swift */; };
		63F3EE841CBF49DF0010D059 /* ColorgyRefreshCenter.swift in Sources */ = {isa = PBXBuildFile; fileRef = 635479E01CB8B02A00DE8CBC /* ColorgyRefreshCenter.swift */; };
		63F3EE851CBF49DF0010D059 /* ColorgyLogin.swift in Sources */ = {isa = PBXBuildFile; fileRef = 635479E11CB8B02A00DE8CBC /* ColorgyLogin.swift */; };
		63F3EE861CBF49DF0010D059 /* ColorgyLoginResult.swift in Sources */ = {isa = PBXBuildFile; fileRef = 635479E31CB8B02A00DE8CBC /* ColorgyLoginResult.swift */; };
		63F3EE8B1CBF49EE0010D059 /* SwiftyJSONExtension.swift in Sources */ = {isa = PBXBuildFile; fileRef = 635479DD1CB8B02A00DE8CBC /* SwiftyJSONExtension.swift */; };
		63F3EE8C1CBF49EE0010D059 /* StringExtension.swift in Sources */ = {isa = PBXBuildFile; fileRef = 635479DE1CB8B02A00DE8CBC /* StringExtension.swift */; };
		63F3EE8D1CBF49EE0010D059 /* DateExtension.swift in Sources */ = {isa = PBXBuildFile; fileRef = 635479DF1CB8B02A00DE8CBC /* DateExtension.swift */; };
		63F3EE8E1CBF49EE0010D059 /* ColorgySocket.swift in Sources */ = {isa = PBXBuildFile; fileRef = 6305700B1CBD0AB9007D2C9D /* ColorgySocket.swift */; };
		63F3EE8F1CBF49EE0010D059 /* ColorgyChatAPI.swift in Sources */ = {isa = PBXBuildFile; fileRef = 630570091CBD0AA1007D2C9D /* ColorgyChatAPI.swift */; };
		63F3EE921CBF49EE0010D059 /* HistoryChatroom.swift in Sources */ = {isa = PBXBuildFile; fileRef = 6305701B1CBD268A007D2C9D /* HistoryChatroom.swift */; };
		63F3EE931CBF49EE0010D059 /* Chatroom.swift in Sources */ = {isa = PBXBuildFile; fileRef = 6305701D1CBD2902007D2C9D /* Chatroom.swift */; };
		63F3EE941CBF49EE0010D059 /* ChatMessage.swift in Sources */ = {isa = PBXBuildFile; fileRef = 6305701F1CBD2999007D2C9D /* ChatMessage.swift */; };
		63F3EE951CBF49EE0010D059 /* Hello.swift in Sources */ = {isa = PBXBuildFile; fileRef = 630570171CBD233A007D2C9D /* Hello.swift */; };
		63F3EE961CBF49EE0010D059 /* ChatUserInformation.swift in Sources */ = {isa = PBXBuildFile; fileRef = 630570111CBD1A2E007D2C9D /* ChatUserInformation.swift */; };
		63F3EE971CBF49EE0010D059 /* TimeStamp.swift in Sources */ = {isa = PBXBuildFile; fileRef = 635479D51CB8B02A00DE8CBC /* TimeStamp.swift */; };
		63F3EE981CBF49EE0010D059 /* ChatUser.swift in Sources */ = {isa = PBXBuildFile; fileRef = 6305700D1CBD11EA007D2C9D /* ChatUser.swift */; };
		63F3EE9A1CBF53A40010D059 /* TestColorgyAPI.swift in Sources */ = {isa = PBXBuildFile; fileRef = 63F3EE991CBF53A40010D059 /* TestColorgyAPI.swift */; };
		63F3EE9C1CBF56990010D059 /* TestCourseModel.swift in Sources */ = {isa = PBXBuildFile; fileRef = 63F3EE9B1CBF56990010D059 /* TestCourseModel.swift */; };
		A84AB692873E9E8DA6A72BC2 /* Pods_ColorgyCourse.framework in Frameworks */ = {isa = PBXBuildFile; fileRef = 576E6050CAE2354899BC93F6 /* Pods_ColorgyCourse.framework */; };
		AC38DA7C69CB77289F628790 /* Pods_ColorgyCourseUITests.framework in Frameworks */ = {isa = PBXBuildFile; fileRef = 3A1F3E09DFD2F7723F151AD0 /* Pods_ColorgyCourseUITests.framework */; };
		CB5F7F720BF8448C1DF2AE6A /* Pods_ColorgyCourseTests.framework in Frameworks */ = {isa = PBXBuildFile; fileRef = FC494E8CDA3225AD0D49A2D6 /* Pods_ColorgyCourseTests.framework */; };
/* End PBXBuildFile section */

/* Begin PBXContainerItemProxy section */
		635479991CB898C100DE8CBC /* PBXContainerItemProxy */ = {
			isa = PBXContainerItemProxy;
			containerPortal = 6354797C1CB898C000DE8CBC /* Project object */;
			proxyType = 1;
			remoteGlobalIDString = 635479831CB898C000DE8CBC;
			remoteInfo = ColorgyCourse;
		};
		635479A41CB898C100DE8CBC /* PBXContainerItemProxy */ = {
			isa = PBXContainerItemProxy;
			containerPortal = 6354797C1CB898C000DE8CBC /* Project object */;
			proxyType = 1;
			remoteGlobalIDString = 635479831CB898C000DE8CBC;
			remoteInfo = ColorgyCourse;
		};
/* End PBXContainerItemProxy section */

/* Begin PBXFileReference section */
		02D01171AE68C2280C00D053 /* Pods-ColorgyCourseUITests.debug.xcconfig */ = {isa = PBXFileReference; includeInIndex = 1; lastKnownFileType = text.xcconfig; name = "Pods-ColorgyCourseUITests.debug.xcconfig"; path = "Pods/Target Support Files/Pods-ColorgyCourseUITests/Pods-ColorgyCourseUITests.debug.xcconfig"; sourceTree = "<group>"; };
		3A1F3E09DFD2F7723F151AD0 /* Pods_ColorgyCourseUITests.framework */ = {isa = PBXFileReference; explicitFileType = wrapper.framework; includeInIndex = 0; path = Pods_ColorgyCourseUITests.framework; sourceTree = BUILT_PRODUCTS_DIR; };
		576E6050CAE2354899BC93F6 /* Pods_ColorgyCourse.framework */ = {isa = PBXFileReference; explicitFileType = wrapper.framework; includeInIndex = 0; path = Pods_ColorgyCourse.framework; sourceTree = BUILT_PRODUCTS_DIR; };
		630337E61CE964EE006FEA1C /* BlurWallView.swift */ = {isa = PBXFileReference; fileEncoding = 4; lastKnownFileType = sourcecode.swift; path = BlurWallView.swift; sourceTree = "<group>"; };
		630337E81CE9732B006FEA1C /* BlurWallViewCell.swift */ = {isa = PBXFileReference; fileEncoding = 4; lastKnownFileType = sourcecode.swift; path = BlurWallViewCell.swift; sourceTree = "<group>"; };
		630337EB1CE974CE006FEA1C /* BlurWallViewModel.swift */ = {isa = PBXFileReference; fileEncoding = 4; lastKnownFileType = sourcecode.swift; path = BlurWallViewModel.swift; sourceTree = "<group>"; };
		630337ED1CE97906006FEA1C /* BlurWallViewController.swift */ = {isa = PBXFileReference; fileEncoding = 4; lastKnownFileType = sourcecode.swift; path = BlurWallViewController.swift; sourceTree = "<group>"; };
		630337EF1CE9AB4B006FEA1C /* AvailableTargetList.swift */ = {isa = PBXFileReference; fileEncoding = 4; lastKnownFileType = sourcecode.swift; path = AvailableTargetList.swift; sourceTree = "<group>"; };
		630337F11CE9B265006FEA1C /* 1.png */ = {isa = PBXFileReference; lastKnownFileType = image.png; path = 1.png; sourceTree = "<group>"; };
		630472831CE5782C00D907C4 /* SearchEventListViewController.swift */ = {isa = PBXFileReference; fileEncoding = 4; lastKnownFileType = sourcecode.swift; path = SearchEventListViewController.swift; sourceTree = "<group>"; };
		630472851CE5AA4E00D907C4 /* SearchEventListViewModel.swift */ = {isa = PBXFileReference; fileEncoding = 4; lastKnownFileType = sourcecode.swift; path = SearchEventListViewModel.swift; sourceTree = "<group>"; };
		630472881CE5DD2000D907C4 /* WeekCalendarViewController.swift */ = {isa = PBXFileReference; fileEncoding = 4; lastKnownFileType = sourcecode.swift; path = WeekCalendarViewController.swift; sourceTree = "<group>"; };
		6304728A1CE5DDC500D907C4 /* WeekCalendarView.swift */ = {isa = PBXFileReference; fileEncoding = 4; lastKnownFileType = sourcecode.swift; path = WeekCalendarView.swift; sourceTree = "<group>"; };
		63056FFE1CBCABB7007D2C9D /* CourseOwnershipObject.swift */ = {isa = PBXFileReference; fileEncoding = 4; lastKnownFileType = sourcecode.swift; path = CourseOwnershipObject.swift; sourceTree = "<group>"; };
		630570001CBCBC86007D2C9D /* Semester.swift */ = {isa = PBXFileReference; fileEncoding = 4; lastKnownFileType = sourcecode.swift; path = Semester.swift; sourceTree = "<group>"; };
		630570041CBCC94A007D2C9D /* Department.swift */ = {isa = PBXFileReference; fileEncoding = 4; lastKnownFileType = sourcecode.swift; path = Department.swift; sourceTree = "<group>"; };
		630570091CBD0AA1007D2C9D /* ColorgyChatAPI.swift */ = {isa = PBXFileReference; fileEncoding = 4; lastKnownFileType = sourcecode.swift; path = ColorgyChatAPI.swift; sourceTree = "<group>"; };
		6305700B1CBD0AB9007D2C9D /* ColorgySocket.swift */ = {isa = PBXFileReference; fileEncoding = 4; lastKnownFileType = sourcecode.swift; path = ColorgySocket.swift; sourceTree = "<group>"; };
		6305700D1CBD11EA007D2C9D /* ChatUser.swift */ = {isa = PBXFileReference; fileEncoding = 4; lastKnownFileType = sourcecode.swift; path = ChatUser.swift; sourceTree = "<group>"; };
		630570111CBD1A2E007D2C9D /* ChatUserInformation.swift */ = {isa = PBXFileReference; fileEncoding = 4; lastKnownFileType = sourcecode.swift; path = ChatUserInformation.swift; sourceTree = "<group>"; };
		630570171CBD233A007D2C9D /* Hello.swift */ = {isa = PBXFileReference; fileEncoding = 4; lastKnownFileType = sourcecode.swift; path = Hello.swift; sourceTree = "<group>"; };
		6305701B1CBD268A007D2C9D /* HistoryChatroom.swift */ = {isa = PBXFileReference; fileEncoding = 4; lastKnownFileType = sourcecode.swift; path = HistoryChatroom.swift; sourceTree = "<group>"; };
		6305701D1CBD2902007D2C9D /* Chatroom.swift */ = {isa = PBXFileReference; fileEncoding = 4; lastKnownFileType = sourcecode.swift; path = Chatroom.swift; sourceTree = "<group>"; };
		6305701F1CBD2999007D2C9D /* ChatMessage.swift */ = {isa = PBXFileReference; fileEncoding = 4; lastKnownFileType = sourcecode.swift; path = ChatMessage.swift; sourceTree = "<group>"; };
		635479841CB898C000DE8CBC /* ColorgyCourse.app */ = {isa = PBXFileReference; explicitFileType = wrapper.application; includeInIndex = 0; path = ColorgyCourse.app; sourceTree = BUILT_PRODUCTS_DIR; };
		635479871CB898C100DE8CBC /* AppDelegate.swift */ = {isa = PBXFileReference; lastKnownFileType = sourcecode.swift; path = AppDelegate.swift; sourceTree = "<group>"; };
		635479891CB898C100DE8CBC /* ViewController.swift */ = {isa = PBXFileReference; lastKnownFileType = sourcecode.swift; path = ViewController.swift; sourceTree = "<group>"; };
		6354798C1CB898C100DE8CBC /* Base */ = {isa = PBXFileReference; lastKnownFileType = file.storyboard; name = Base; path = Base.lproj/Main.storyboard; sourceTree = "<group>"; };
		6354798E1CB898C100DE8CBC /* Assets.xcassets */ = {isa = PBXFileReference; lastKnownFileType = folder.assetcatalog; path = Assets.xcassets; sourceTree = "<group>"; };
		635479911CB898C100DE8CBC /* Base */ = {isa = PBXFileReference; lastKnownFileType = file.storyboard; name = Base; path = Base.lproj/LaunchScreen.storyboard; sourceTree = "<group>"; };
		635479931CB898C100DE8CBC /* Info.plist */ = {isa = PBXFileReference; lastKnownFileType = text.plist.xml; path = Info.plist; sourceTree = "<group>"; };
		635479981CB898C100DE8CBC /* ColorgyCourseTests.xctest */ = {isa = PBXFileReference; explicitFileType = wrapper.cfbundle; includeInIndex = 0; path = ColorgyCourseTests.xctest; sourceTree = BUILT_PRODUCTS_DIR; };
		6354799C1CB898C100DE8CBC /* ColorgyCourseTests.swift */ = {isa = PBXFileReference; lastKnownFileType = sourcecode.swift; path = ColorgyCourseTests.swift; sourceTree = "<group>"; };
		6354799E1CB898C100DE8CBC /* Info.plist */ = {isa = PBXFileReference; lastKnownFileType = text.plist.xml; path = Info.plist; sourceTree = "<group>"; };
		635479A31CB898C100DE8CBC /* ColorgyCourseUITests.xctest */ = {isa = PBXFileReference; explicitFileType = wrapper.cfbundle; includeInIndex = 0; path = ColorgyCourseUITests.xctest; sourceTree = BUILT_PRODUCTS_DIR; };
		635479A71CB898C100DE8CBC /* ColorgyCourseUITests.swift */ = {isa = PBXFileReference; lastKnownFileType = sourcecode.swift; path = ColorgyCourseUITests.swift; sourceTree = "<group>"; };
		635479A91CB898C100DE8CBC /* Info.plist */ = {isa = PBXFileReference; lastKnownFileType = text.plist.xml; path = Info.plist; sourceTree = "<group>"; };
		635479CE1CB8A5EF00DE8CBC /* Release.swift */ = {isa = PBXFileReference; fileEncoding = 4; lastKnownFileType = sourcecode.swift; path = Release.swift; sourceTree = "<group>"; };
		635479D01CB8AA0700DE8CBC /* LoginViewController.swift */ = {isa = PBXFileReference; fileEncoding = 4; lastKnownFileType = sourcecode.swift; path = LoginViewController.swift; sourceTree = "<group>"; };
		635479D21CB8AC6300DE8CBC /* LoginViewModel.swift */ = {isa = PBXFileReference; fileEncoding = 4; lastKnownFileType = sourcecode.swift; path = LoginViewModel.swift; sourceTree = "<group>"; };
		635479D41CB8B02A00DE8CBC /* ColorgyUserInformation.swift */ = {isa = PBXFileReference; fileEncoding = 4; lastKnownFileType = sourcecode.swift; path = ColorgyUserInformation.swift; sourceTree = "<group>"; };
		635479D51CB8B02A00DE8CBC /* TimeStamp.swift */ = {isa = PBXFileReference; fileEncoding = 4; lastKnownFileType = sourcecode.swift; path = TimeStamp.swift; sourceTree = "<group>"; };
		635479D61CB8B02A00DE8CBC /* AFNetworkingErrorParser.swift */ = {isa = PBXFileReference; fileEncoding = 4; lastKnownFileType = sourcecode.swift; path = AFNetworkingErrorParser.swift; sourceTree = "<group>"; };
		635479D71CB8B02A00DE8CBC /* ColorgyAPI.swift */ = {isa = PBXFileReference; fileEncoding = 4; lastKnownFileType = sourcecode.swift; path = ColorgyAPI.swift; sourceTree = "<group>"; };
		635479D81CB8B02A00DE8CBC /* ColorgyAPIMeResult.swift */ = {isa = PBXFileReference; fileEncoding = 4; lastKnownFileType = sourcecode.swift; path = ColorgyAPIMeResult.swift; sourceTree = "<group>"; };
		635479D91CB8B02A00DE8CBC /* ColorgyAPIUserResult.swift */ = {isa = PBXFileReference; fileEncoding = 4; lastKnownFileType = sourcecode.swift; path = ColorgyAPIUserResult.swift; sourceTree = "<group>"; };
		635479DA1CB8B02A00DE8CBC /* Course.swift */ = {isa = PBXFileReference; fileEncoding = 4; lastKnownFileType = sourcecode.swift; path = Course.swift; sourceTree = "<group>"; };
		635479DB1CB8B02A00DE8CBC /* Period.swift */ = {isa = PBXFileReference; fileEncoding = 4; lastKnownFileType = sourcecode.swift; path = Period.swift; sourceTree = "<group>"; };
		635479DC1CB8B02A00DE8CBC /* CourseRawDataObject.swift */ = {isa = PBXFileReference; fileEncoding = 4; lastKnownFileType = sourcecode.swift; path = CourseRawDataObject.swift; sourceTree = "<group>"; };
		635479DD1CB8B02A00DE8CBC /* SwiftyJSONExtension.swift */ = {isa = PBXFileReference; fileEncoding = 4; lastKnownFileType = sourcecode.swift; path = SwiftyJSONExtension.swift; sourceTree = "<group>"; };
		635479DE1CB8B02A00DE8CBC /* StringExtension.swift */ = {isa = PBXFileReference; fileEncoding = 4; lastKnownFileType = sourcecode.swift; path = StringExtension.swift; sourceTree = "<group>"; };
		635479DF1CB8B02A00DE8CBC /* DateExtension.swift */ = {isa = PBXFileReference; fileEncoding = 4; lastKnownFileType = sourcecode.swift; path = DateExtension.swift; sourceTree = "<group>"; };
		635479E01CB8B02A00DE8CBC /* ColorgyRefreshCenter.swift */ = {isa = PBXFileReference; fileEncoding = 4; lastKnownFileType = sourcecode.swift; path = ColorgyRefreshCenter.swift; sourceTree = "<group>"; };
		635479E11CB8B02A00DE8CBC /* ColorgyLogin.swift */ = {isa = PBXFileReference; fileEncoding = 4; lastKnownFileType = sourcecode.swift; path = ColorgyLogin.swift; sourceTree = "<group>"; };
		635479E21CB8B02A00DE8CBC /* AFError.swift */ = {isa = PBXFileReference; fileEncoding = 4; lastKnownFileType = sourcecode.swift; path = AFError.swift; sourceTree = "<group>"; };
		635479E31CB8B02A00DE8CBC /* ColorgyLoginResult.swift */ = {isa = PBXFileReference; fileEncoding = 4; lastKnownFileType = sourcecode.swift; path = ColorgyLoginResult.swift; sourceTree = "<group>"; };
		635479FA1CB8D17800DE8CBC /* PeriodRawData.swift */ = {isa = PBXFileReference; fileEncoding = 4; lastKnownFileType = sourcecode.swift; path = PeriodRawData.swift; sourceTree = "<group>"; };
		635479FE1CB8DECF00DE8CBC /* PeriodRawDataRealmObject.swift */ = {isa = PBXFileReference; fileEncoding = 4; lastKnownFileType = sourcecode.swift; path = PeriodRawDataRealmObject.swift; sourceTree = "<group>"; };
		63561C4B1CBF937F004AEF6D /* ColorgyColor.swift */ = {isa = PBXFileReference; fileEncoding = 4; lastKnownFileType = sourcecode.swift; path = ColorgyColor.swift; sourceTree = "<group>"; };
		63561C4D1CBF9848004AEF6D /* EmailRegisterViewModel.swift */ = {isa = PBXFileReference; fileEncoding = 4; lastKnownFileType = sourcecode.swift; path = EmailRegisterViewModel.swift; sourceTree = "<group>"; };
		6373055B1CBF72190016A7FC /* TestPeriod.swift */ = {isa = PBXFileReference; fileEncoding = 4; lastKnownFileType = sourcecode.swift; path = TestPeriod.swift; sourceTree = "<group>"; };
		6373055F1CBF823B0016A7FC /* EmailRegisterViewController.swift */ = {isa = PBXFileReference; fileEncoding = 4; lastKnownFileType = sourcecode.swift; path = EmailRegisterViewController.swift; sourceTree = "<group>"; };
		637305611CBF82D10016A7FC /* IconedTextInputView.swift */ = {isa = PBXFileReference; fileEncoding = 4; lastKnownFileType = sourcecode.swift; path = IconedTextInputView.swift; sourceTree = "<group>"; };
		637305631CBF83D80016A7FC /* UIViewExtension.swift */ = {isa = PBXFileReference; fileEncoding = 4; lastKnownFileType = sourcecode.swift; path = UIViewExtension.swift; sourceTree = "<group>"; };
		6375476F1CC8A96900BC3BBD /* ChatMessageList.swift */ = {isa = PBXFileReference; fileEncoding = 4; lastKnownFileType = sourcecode.swift; path = ChatMessageList.swift; sourceTree = "<group>"; };
		637547711CC8B1BB00BC3BBD /* FloatingOptionView.swift */ = {isa = PBXFileReference; fileEncoding = 4; lastKnownFileType = sourcecode.swift; path = FloatingOptionView.swift; sourceTree = "<group>"; };
		637547731CC8BE8400BC3BBD /* SayHelloCountsCell.swift */ = {isa = PBXFileReference; fileEncoding = 4; lastKnownFileType = sourcecode.swift; path = SayHelloCountsCell.swift; sourceTree = "<group>"; };
		637547751CC8BF4A00BC3BBD /* FriendListViewModel.swift */ = {isa = PBXFileReference; fileEncoding = 4; lastKnownFileType = sourcecode.swift; path = FriendListViewModel.swift; sourceTree = "<group>"; };
		637547771CC8BF6200BC3BBD /* FriendListViewController.swift */ = {isa = PBXFileReference; fileEncoding = 4; lastKnownFileType = sourcecode.swift; path = FriendListViewController.swift; sourceTree = "<group>"; };
		637547791CC8C23700BC3BBD /* FriendListTableViewCell.swift */ = {isa = PBXFileReference; fileEncoding = 4; lastKnownFileType = sourcecode.swift; path = FriendListTableViewCell.swift; sourceTree = "<group>"; };
		6375477B1CC8D69800BC3BBD /* ColorgyChatContext.swift */ = {isa = PBXFileReference; fileEncoding = 4; lastKnownFileType = sourcecode.swift; path = ColorgyChatContext.swift; sourceTree = "<group>"; };
		6379FC701CBEA1A8002F10E1 /* Header.h */ = {isa = PBXFileReference; fileEncoding = 4; lastKnownFileType = sourcecode.c.h; path = Header.h; sourceTree = "<group>"; };
		63C3CE121CC0AFF0000EE808 /* EmailLoginViewController.swift */ = {isa = PBXFileReference; fileEncoding = 4; lastKnownFileType = sourcecode.swift; path = EmailLoginViewController.swift; sourceTree = "<group>"; };
		63C3CE141CC0B0B2000EE808 /* EmailLoginViewModel.swift */ = {isa = PBXFileReference; fileEncoding = 4; lastKnownFileType = sourcecode.swift; path = EmailLoginViewModel.swift; sourceTree = "<group>"; };
		63C3CE181CC0C76F000EE808 /* AvailableTarget.swift */ = {isa = PBXFileReference; fileEncoding = 4; lastKnownFileType = sourcecode.swift; path = AvailableTarget.swift; sourceTree = "<group>"; };
		63C3CE191CC0C76F000EE808 /* ChatMeUserInformation.swift */ = {isa = PBXFileReference; fileEncoding = 4; lastKnownFileType = sourcecode.swift; path = ChatMeUserInformation.swift; sourceTree = "<group>"; };
		63C3CE1A1CC0C76F000EE808 /* ColorgyAppNotification.swift */ = {isa = PBXFileReference; fileEncoding = 4; lastKnownFileType = sourcecode.swift; path = ColorgyAppNotification.swift; sourceTree = "<group>"; };
		63C3CE1B1CC0C76F000EE808 /* NumerExtensions.swift */ = {isa = PBXFileReference; fileEncoding = 4; lastKnownFileType = sourcecode.swift; path = NumerExtensions.swift; sourceTree = "<group>"; };
		63C3CE1C1CC0C76F000EE808 /* Organization.swift */ = {isa = PBXFileReference; fileEncoding = 4; lastKnownFileType = sourcecode.swift; path = Organization.swift; sourceTree = "<group>"; };
		63C3CE1D1CC0C76F000EE808 /* UIImageExtension.swift */ = {isa = PBXFileReference; fileEncoding = 4; lastKnownFileType = sourcecode.swift; path = UIImageExtension.swift; sourceTree = "<group>"; };
		63C3CE241CC0C844000EE808 /* TestTimeStamp.swift */ = {isa = PBXFileReference; fileEncoding = 4; lastKnownFileType = sourcecode.swift; path = TestTimeStamp.swift; sourceTree = "<group>"; };
		63C3CE401CC0C93D000EE808 /* libc++.1.tbd */ = {isa = PBXFileReference; lastKnownFileType = "sourcecode.text-based-dylib-definition"; name = "libc++.1.tbd"; path = "usr/lib/libc++.1.tbd"; sourceTree = SDKROOT; };
		63C3CE421CC0C945000EE808 /* libc++.tbd */ = {isa = PBXFileReference; lastKnownFileType = "sourcecode.text-based-dylib-definition"; name = "libc++.tbd"; path = "usr/lib/libc++.tbd"; sourceTree = SDKROOT; };
		63C3CE441CC0C94B000EE808 /* libz.tbd */ = {isa = PBXFileReference; lastKnownFileType = "sourcecode.text-based-dylib-definition"; name = libz.tbd; path = usr/lib/libz.tbd; sourceTree = SDKROOT; };
		63C3CE461CC0C98B000EE808 /* SystemConfiguration.framework */ = {isa = PBXFileReference; lastKnownFileType = wrapper.framework; name = SystemConfiguration.framework; path = System/Library/Frameworks/SystemConfiguration.framework; sourceTree = SDKROOT; };
		63C3CE481CC0C990000EE808 /* Security.framework */ = {isa = PBXFileReference; lastKnownFileType = wrapper.framework; name = Security.framework; path = System/Library/Frameworks/Security.framework; sourceTree = SDKROOT; };
		63EC771F1CC6060E008025A7 /* ColorgyNavigationController.swift */ = {isa = PBXFileReference; fileEncoding = 4; lastKnownFileType = sourcecode.swift; path = ColorgyNavigationController.swift; sourceTree = "<group>"; };
		63EC77A21CC8743D008025A7 /* ATrickyView.swift */ = {isa = PBXFileReference; fileEncoding = 4; lastKnownFileType = sourcecode.swift; path = ATrickyView.swift; sourceTree = "<group>"; };
		63EC77A31CC8743D008025A7 /* DLIncomingMessageBubble.swift */ = {isa = PBXFileReference; fileEncoding = 4; lastKnownFileType = sourcecode.swift; path = DLIncomingMessageBubble.swift; sourceTree = "<group>"; };
		63EC77A41CC8743D008025A7 /* DLIncomingMessageBubble.xib */ = {isa = PBXFileReference; fileEncoding = 4; lastKnownFileType = file.xib; path = DLIncomingMessageBubble.xib; sourceTree = "<group>"; };
		63EC77A51CC8743D008025A7 /* DLIncomingMessageDelegate.swift */ = {isa = PBXFileReference; fileEncoding = 4; lastKnownFileType = sourcecode.swift; path = DLIncomingMessageDelegate.swift; sourceTree = "<group>"; };
		63EC77A61CC8743D008025A7 /* DLIncomingPhotoBubble.swift */ = {isa = PBXFileReference; fileEncoding = 4; lastKnownFileType = sourcecode.swift; path = DLIncomingPhotoBubble.swift; sourceTree = "<group>"; };
		63EC77A71CC8743D008025A7 /* DLIncomingPhotoBubble.xib */ = {isa = PBXFileReference; fileEncoding = 4; lastKnownFileType = file.xib; path = DLIncomingPhotoBubble.xib; sourceTree = "<group>"; };
		63EC77A81CC8743D008025A7 /* DLMessageData.swift */ = {isa = PBXFileReference; fileEncoding = 4; lastKnownFileType = sourcecode.swift; path = DLMessageData.swift; sourceTree = "<group>"; };
		63EC77A91CC8743D008025A7 /* DLMessageLabel.swift */ = {isa = PBXFileReference; fileEncoding = 4; lastKnownFileType = sourcecode.swift; path = DLMessageLabel.swift; sourceTree = "<group>"; };
		63EC77AA1CC8743D008025A7 /* DLMessagesViewController.swift */ = {isa = PBXFileReference; fileEncoding = 4; lastKnownFileType = sourcecode.swift; path = DLMessagesViewController.swift; sourceTree = "<group>"; };
		63EC77AB1CC8743D008025A7 /* DLOutgoingMessageBubble.swift */ = {isa = PBXFileReference; fileEncoding = 4; lastKnownFileType = sourcecode.swift; path = DLOutgoingMessageBubble.swift; sourceTree = "<group>"; };
		63EC77AC1CC8743D008025A7 /* DLOutgoingMessageBubble.xib */ = {isa = PBXFileReference; fileEncoding = 4; lastKnownFileType = file.xib; path = DLOutgoingMessageBubble.xib; sourceTree = "<group>"; };
		63EC77AD1CC8743D008025A7 /* DLOutgoingPhotoBubble.swift */ = {isa = PBXFileReference; fileEncoding = 4; lastKnownFileType = sourcecode.swift; path = DLOutgoingPhotoBubble.swift; sourceTree = "<group>"; };
		63EC77AE1CC8743D008025A7 /* DLOutgoingPhotoBubble.xib */ = {isa = PBXFileReference; fileEncoding = 4; lastKnownFileType = file.xib; path = DLOutgoingPhotoBubble.xib; sourceTree = "<group>"; };
		63EC77AF1CC8743D008025A7 /* DLPhotoMessageDelegate.swift */ = {isa = PBXFileReference; fileEncoding = 4; lastKnownFileType = sourcecode.swift; path = DLPhotoMessageDelegate.swift; sourceTree = "<group>"; };
		63EC77B11CC8743D008025A7 /* TextInputView.swift */ = {isa = PBXFileReference; fileEncoding = 4; lastKnownFileType = sourcecode.swift; path = TextInputView.swift; sourceTree = "<group>"; };
		63EC77C21CC87595008025A7 /* ChatRoomViewController.swift */ = {isa = PBXFileReference; fileEncoding = 4; lastKnownFileType = sourcecode.swift; path = ChatRoomViewController.swift; sourceTree = "<group>"; };
		63EC77C41CC875A0008025A7 /* ChatRoomViewModel.swift */ = {isa = PBXFileReference; fileEncoding = 4; lastKnownFileType = sourcecode.swift; path = ChatRoomViewModel.swift; sourceTree = "<group>"; };
		63F3EE6A1CBF3CA00010D059 /* TestColorgyRefershCenter.swift */ = {isa = PBXFileReference; fileEncoding = 4; lastKnownFileType = sourcecode.swift; path = TestColorgyRefershCenter.swift; sourceTree = "<group>"; };
		63F3EE991CBF53A40010D059 /* TestColorgyAPI.swift */ = {isa = PBXFileReference; fileEncoding = 4; lastKnownFileType = sourcecode.swift; path = TestColorgyAPI.swift; sourceTree = "<group>"; };
		63F3EE9B1CBF56990010D059 /* TestCourseModel.swift */ = {isa = PBXFileReference; fileEncoding = 4; lastKnownFileType = sourcecode.swift; path = TestCourseModel.swift; sourceTree = "<group>"; };
		90E3DBDD69350AAF687C2015 /* Pods-ColorgyCourseUITests.release.xcconfig */ = {isa = PBXFileReference; includeInIndex = 1; lastKnownFileType = text.xcconfig; name = "Pods-ColorgyCourseUITests.release.xcconfig"; path = "Pods/Target Support Files/Pods-ColorgyCourseUITests/Pods-ColorgyCourseUITests.release.xcconfig"; sourceTree = "<group>"; };
		94F70303EE975BA2983F45A1 /* Pods-ColorgyCourseTests.debug.xcconfig */ = {isa = PBXFileReference; includeInIndex = 1; lastKnownFileType = text.xcconfig; name = "Pods-ColorgyCourseTests.debug.xcconfig"; path = "Pods/Target Support Files/Pods-ColorgyCourseTests/Pods-ColorgyCourseTests.debug.xcconfig"; sourceTree = "<group>"; };
		9F013244A3B8C8F64571951C /* Pods-ColorgyCourse.debug.xcconfig */ = {isa = PBXFileReference; includeInIndex = 1; lastKnownFileType = text.xcconfig; name = "Pods-ColorgyCourse.debug.xcconfig"; path = "Pods/Target Support Files/Pods-ColorgyCourse/Pods-ColorgyCourse.debug.xcconfig"; sourceTree = "<group>"; };
		B05C6C68737E6E760C1FD17C /* Pods-ColorgyCourseTests.release.xcconfig */ = {isa = PBXFileReference; includeInIndex = 1; lastKnownFileType = text.xcconfig; name = "Pods-ColorgyCourseTests.release.xcconfig"; path = "Pods/Target Support Files/Pods-ColorgyCourseTests/Pods-ColorgyCourseTests.release.xcconfig"; sourceTree = "<group>"; };
		F16E987B487403193816ADE4 /* Pods-ColorgyCourse.release.xcconfig */ = {isa = PBXFileReference; includeInIndex = 1; lastKnownFileType = text.xcconfig; name = "Pods-ColorgyCourse.release.xcconfig"; path = "Pods/Target Support Files/Pods-ColorgyCourse/Pods-ColorgyCourse.release.xcconfig"; sourceTree = "<group>"; };
		FC494E8CDA3225AD0D49A2D6 /* Pods_ColorgyCourseTests.framework */ = {isa = PBXFileReference; explicitFileType = wrapper.framework; includeInIndex = 0; path = Pods_ColorgyCourseTests.framework; sourceTree = BUILT_PRODUCTS_DIR; };
/* End PBXFileReference section */

/* Begin PBXFrameworksBuildPhase section */
		635479811CB898C000DE8CBC /* Frameworks */ = {
			isa = PBXFrameworksBuildPhase;
			buildActionMask = 2147483647;
			files = (
				63C3CE491CC0C990000EE808 /* Security.framework in Frameworks */,
				63C3CE471CC0C98B000EE808 /* SystemConfiguration.framework in Frameworks */,
				63C3CE451CC0C94B000EE808 /* libz.tbd in Frameworks */,
				63C3CE431CC0C945000EE808 /* libc++.tbd in Frameworks */,
				A84AB692873E9E8DA6A72BC2 /* Pods_ColorgyCourse.framework in Frameworks */,
			);
			runOnlyForDeploymentPostprocessing = 0;
		};
		635479951CB898C100DE8CBC /* Frameworks */ = {
			isa = PBXFrameworksBuildPhase;
			buildActionMask = 2147483647;
			files = (
				CB5F7F720BF8448C1DF2AE6A /* Pods_ColorgyCourseTests.framework in Frameworks */,
			);
			runOnlyForDeploymentPostprocessing = 0;
		};
		635479A01CB898C100DE8CBC /* Frameworks */ = {
			isa = PBXFrameworksBuildPhase;
			buildActionMask = 2147483647;
			files = (
				AC38DA7C69CB77289F628790 /* Pods_ColorgyCourseUITests.framework in Frameworks */,
			);
			runOnlyForDeploymentPostprocessing = 0;
		};
/* End PBXFrameworksBuildPhase section */

/* Begin PBXGroup section */
		4A06AE646938A043E4921CF2 /* Frameworks */ = {
			isa = PBXGroup;
			children = (
				63C3CE481CC0C990000EE808 /* Security.framework */,
				63C3CE461CC0C98B000EE808 /* SystemConfiguration.framework */,
				63C3CE441CC0C94B000EE808 /* libz.tbd */,
				63C3CE421CC0C945000EE808 /* libc++.tbd */,
				63C3CE401CC0C93D000EE808 /* libc++.1.tbd */,
				576E6050CAE2354899BC93F6 /* Pods_ColorgyCourse.framework */,
				FC494E8CDA3225AD0D49A2D6 /* Pods_ColorgyCourseTests.framework */,
				3A1F3E09DFD2F7723F151AD0 /* Pods_ColorgyCourseUITests.framework */,
			);
			name = Frameworks;
			sourceTree = "<group>";
		};
		630337EA1CE9734A006FEA1C /* Blur Wall */ = {
			isa = PBXGroup;
			children = (
				630337ED1CE97906006FEA1C /* BlurWallViewController.swift */,
				630337E61CE964EE006FEA1C /* BlurWallView.swift */,
				630337EB1CE974CE006FEA1C /* BlurWallViewModel.swift */,
				630337E81CE9732B006FEA1C /* BlurWallViewCell.swift */,
			);
			name = "Blur Wall";
			sourceTree = "<group>";
		};
		630472871CE5DCEF00D907C4 /* Search Event List View */ = {
			isa = PBXGroup;
			children = (
				630472831CE5782C00D907C4 /* SearchEventListViewController.swift */,
				630472851CE5AA4E00D907C4 /* SearchEventListViewModel.swift */,
			);
			name = "Search Event List View";
			sourceTree = "<group>";
		};
		630570081CBD0A45007D2C9D /* Login View */ = {
			isa = PBXGroup;
			children = (
				635479D01CB8AA0700DE8CBC /* LoginViewController.swift */,
				635479D21CB8AC6300DE8CBC /* LoginViewModel.swift */,
			);
			name = "Login View";
			sourceTree = "<group>";
		};
		630570211CBD2D85007D2C9D /* Colorgy Chat API */ = {
			isa = PBXGroup;
			children = (
				6305700B1CBD0AB9007D2C9D /* ColorgySocket.swift */,
				630570091CBD0AA1007D2C9D /* ColorgyChatAPI.swift */,
				630570231CBD2DCC007D2C9D /* Model */,
			);
			name = "Colorgy Chat API";
			sourceTree = "<group>";
		};
		630570221CBD2D97007D2C9D /* Realm Object */ = {
			isa = PBXGroup;
			children = (
				635479FE1CB8DECF00DE8CBC /* PeriodRawDataRealmObject.swift */,
			);
			name = "Realm Object";
			sourceTree = "<group>";
		};
		630570231CBD2DCC007D2C9D /* Model */ = {
			isa = PBXGroup;
			children = (
				63C3CE181CC0C76F000EE808 /* AvailableTarget.swift */,
				630337EF1CE9AB4B006FEA1C /* AvailableTargetList.swift */,
				63C3CE191CC0C76F000EE808 /* ChatMeUserInformation.swift */,
				6305701B1CBD268A007D2C9D /* HistoryChatroom.swift */,
				6305701D1CBD2902007D2C9D /* Chatroom.swift */,
				6305701F1CBD2999007D2C9D /* ChatMessage.swift */,
				6375476F1CC8A96900BC3BBD /* ChatMessageList.swift */,
				630570171CBD233A007D2C9D /* Hello.swift */,
				630570111CBD1A2E007D2C9D /* ChatUserInformation.swift */,
				635479D51CB8B02A00DE8CBC /* TimeStamp.swift */,
				6305700D1CBD11EA007D2C9D /* ChatUser.swift */,
			);
			name = Model;
			sourceTree = "<group>";
		};
		6354797B1CB898C000DE8CBC = {
			isa = PBXGroup;
			children = (
				635479861CB898C000DE8CBC /* ColorgyCourse */,
				6354799B1CB898C100DE8CBC /* ColorgyCourseTests */,
				635479A61CB898C100DE8CBC /* ColorgyCourseUITests */,
				635479851CB898C000DE8CBC /* Products */,
				87B10B09AB7F67CF4D976F76 /* Pods */,
				4A06AE646938A043E4921CF2 /* Frameworks */,
			);
			sourceTree = "<group>";
		};
		635479851CB898C000DE8CBC /* Products */ = {
			isa = PBXGroup;
			children = (
				635479841CB898C000DE8CBC /* ColorgyCourse.app */,
				635479981CB898C100DE8CBC /* ColorgyCourseTests.xctest */,
				635479A31CB898C100DE8CBC /* ColorgyCourseUITests.xctest */,
			);
			name = Products;
			sourceTree = "<group>";
		};
		635479861CB898C000DE8CBC /* ColorgyCourse */ = {
			isa = PBXGroup;
			children = (
				6379FC701CBEA1A8002F10E1 /* Header.h */,
				63EC77A11CC8743D008025A7 /* DLMessageVIew */,
				630570221CBD2D97007D2C9D /* Realm Object */,
				635479871CB898C100DE8CBC /* AppDelegate.swift */,
				63C3CE1A1CC0C76F000EE808 /* ColorgyAppNotification.swift */,
				635479CE1CB8A5EF00DE8CBC /* Release.swift */,
				635479891CB898C100DE8CBC /* ViewController.swift */,
				6354798B1CB898C100DE8CBC /* Main.storyboard */,
				630472881CE5DD2000D907C4 /* WeekCalendarViewController.swift */,
				6304728A1CE5DDC500D907C4 /* WeekCalendarView.swift */,
				6375477B1CC8D69800BC3BBD /* ColorgyChatContext.swift */,
				63EC771F1CC6060E008025A7 /* ColorgyNavigationController.swift */,
				63561C4B1CBF937F004AEF6D /* ColorgyColor.swift */,
				630337F11CE9B265006FEA1C /* 1.png */,
				630337EA1CE9734A006FEA1C /* Blur Wall */,
				630472871CE5DCEF00D907C4 /* Search Event List View */,
				6375477E1CC9E65100BC3BBD /* Friend List View */,
				6375476C1CC87BF600BC3BBD /* Chat Room View */,
				63C3CE161CC0C673000EE808 /* Email Login View */,
				63C3CE171CC0C67D000EE808 /* Email Register View */,
				630570081CBD0A45007D2C9D /* Login View */,
				635479F61CB8B09100DE8CBC /* Extensions */,
				635479F41CB8B04B00DE8CBC /* Colorgy API */,
				6354798E1CB898C100DE8CBC /* Assets.xcassets */,
				635479901CB898C100DE8CBC /* LaunchScreen.storyboard */,
				635479931CB898C100DE8CBC /* Info.plist */,
			);
			path = ColorgyCourse;
			sourceTree = "<group>";
		};
		6354799B1CB898C100DE8CBC /* ColorgyCourseTests */ = {
			isa = PBXGroup;
			children = (
				6354799C1CB898C100DE8CBC /* ColorgyCourseTests.swift */,
				63F3EE6A1CBF3CA00010D059 /* TestColorgyRefershCenter.swift */,
				63F3EE9B1CBF56990010D059 /* TestCourseModel.swift */,
				6373055B1CBF72190016A7FC /* TestPeriod.swift */,
				63F3EE991CBF53A40010D059 /* TestColorgyAPI.swift */,
				6354799E1CB898C100DE8CBC /* Info.plist */,
				63C3CE241CC0C844000EE808 /* TestTimeStamp.swift */,
			);
			path = ColorgyCourseTests;
			sourceTree = "<group>";
		};
		635479A61CB898C100DE8CBC /* ColorgyCourseUITests */ = {
			isa = PBXGroup;
			children = (
				635479A71CB898C100DE8CBC /* ColorgyCourseUITests.swift */,
				635479A91CB898C100DE8CBC /* Info.plist */,
			);
			path = ColorgyCourseUITests;
			sourceTree = "<group>";
		};
		635479F41CB8B04B00DE8CBC /* Colorgy API */ = {
			isa = PBXGroup;
			children = (
				630570211CBD2D85007D2C9D /* Colorgy Chat API */,
				635479D41CB8B02A00DE8CBC /* ColorgyUserInformation.swift */,
				635479FA1CB8D17800DE8CBC /* PeriodRawData.swift */,
				630570041CBCC94A007D2C9D /* Department.swift */,
				63056FFE1CBCABB7007D2C9D /* CourseOwnershipObject.swift */,
				635479F91CB8B0BD00DE8CBC /* AFNetworking Helper */,
				635479F71CB8B0A400DE8CBC /* API */,
				635479F51CB8B06F00DE8CBC /* Refresh Center */,
				635479F81CB8B0B200DE8CBC /* Login */,
			);
			name = "Colorgy API";
			sourceTree = "<group>";
		};
		635479F51CB8B06F00DE8CBC /* Refresh Center */ = {
			isa = PBXGroup;
			children = (
				635479E01CB8B02A00DE8CBC /* ColorgyRefreshCenter.swift */,
			);
			name = "Refresh Center";
			sourceTree = "<group>";
		};
		635479F61CB8B09100DE8CBC /* Extensions */ = {
			isa = PBXGroup;
			children = (
				63C3CE1B1CC0C76F000EE808 /* NumerExtensions.swift */,
				63C3CE1D1CC0C76F000EE808 /* UIImageExtension.swift */,
				637305631CBF83D80016A7FC /* UIViewExtension.swift */,
				635479DD1CB8B02A00DE8CBC /* SwiftyJSONExtension.swift */,
				635479DE1CB8B02A00DE8CBC /* StringExtension.swift */,
				635479DF1CB8B02A00DE8CBC /* DateExtension.swift */,
			);
			name = Extensions;
			sourceTree = "<group>";
		};
		635479F71CB8B0A400DE8CBC /* API */ = {
			isa = PBXGroup;
			children = (
				635479D71CB8B02A00DE8CBC /* ColorgyAPI.swift */,
				630570001CBCBC86007D2C9D /* Semester.swift */,
				63C3CE1C1CC0C76F000EE808 /* Organization.swift */,
				635479D81CB8B02A00DE8CBC /* ColorgyAPIMeResult.swift */,
				635479D91CB8B02A00DE8CBC /* ColorgyAPIUserResult.swift */,
				635479DA1CB8B02A00DE8CBC /* Course.swift */,
				635479DB1CB8B02A00DE8CBC /* Period.swift */,
				635479DC1CB8B02A00DE8CBC /* CourseRawDataObject.swift */,
			);
			name = API;
			sourceTree = "<group>";
		};
		635479F81CB8B0B200DE8CBC /* Login */ = {
			isa = PBXGroup;
			children = (
				635479E11CB8B02A00DE8CBC /* ColorgyLogin.swift */,
				635479E31CB8B02A00DE8CBC /* ColorgyLoginResult.swift */,
			);
			name = Login;
			sourceTree = "<group>";
		};
		635479F91CB8B0BD00DE8CBC /* AFNetworking Helper */ = {
			isa = PBXGroup;
			children = (
				635479D61CB8B02A00DE8CBC /* AFNetworkingErrorParser.swift */,
				635479E21CB8B02A00DE8CBC /* AFError.swift */,
			);
			name = "AFNetworking Helper";
			sourceTree = "<group>";
		};
		6375476C1CC87BF600BC3BBD /* Chat Room View */ = {
			isa = PBXGroup;
			children = (
				63EC77C21CC87595008025A7 /* ChatRoomViewController.swift */,
				637547711CC8B1BB00BC3BBD /* FloatingOptionView.swift */,
				63EC77C41CC875A0008025A7 /* ChatRoomViewModel.swift */,
			);
			name = "Chat Room View";
			sourceTree = "<group>";
		};
		6375477E1CC9E65100BC3BBD /* Friend List View */ = {
			isa = PBXGroup;
			children = (
				637547731CC8BE8400BC3BBD /* SayHelloCountsCell.swift */,
				637547751CC8BF4A00BC3BBD /* FriendListViewModel.swift */,
				637547771CC8BF6200BC3BBD /* FriendListViewController.swift */,
				637547791CC8C23700BC3BBD /* FriendListTableViewCell.swift */,
			);
			name = "Friend List View";
			sourceTree = "<group>";
		};
		63C3CE161CC0C673000EE808 /* Email Login View */ = {
			isa = PBXGroup;
			children = (
				63C3CE121CC0AFF0000EE808 /* EmailLoginViewController.swift */,
				63C3CE141CC0B0B2000EE808 /* EmailLoginViewModel.swift */,
			);
			name = "Email Login View";
			sourceTree = "<group>";
		};
		63C3CE171CC0C67D000EE808 /* Email Register View */ = {
			isa = PBXGroup;
			children = (
				6373055F1CBF823B0016A7FC /* EmailRegisterViewController.swift */,
				63561C4D1CBF9848004AEF6D /* EmailRegisterViewModel.swift */,
				637305611CBF82D10016A7FC /* IconedTextInputView.swift */,
			);
			name = "Email Register View";
			sourceTree = "<group>";
		};
		63EC77A11CC8743D008025A7 /* DLMessageVIew */ = {
			isa = PBXGroup;
			children = (
				63EC77A21CC8743D008025A7 /* ATrickyView.swift */,
				63EC77A31CC8743D008025A7 /* DLIncomingMessageBubble.swift */,
				63EC77A41CC8743D008025A7 /* DLIncomingMessageBubble.xib */,
				63EC77A51CC8743D008025A7 /* DLIncomingMessageDelegate.swift */,
				63EC77A61CC8743D008025A7 /* DLIncomingPhotoBubble.swift */,
				63EC77A71CC8743D008025A7 /* DLIncomingPhotoBubble.xib */,
				63EC77A81CC8743D008025A7 /* DLMessageData.swift */,
				63EC77A91CC8743D008025A7 /* DLMessageLabel.swift */,
				63EC77AA1CC8743D008025A7 /* DLMessagesViewController.swift */,
				63EC77AB1CC8743D008025A7 /* DLOutgoingMessageBubble.swift */,
				63EC77AC1CC8743D008025A7 /* DLOutgoingMessageBubble.xib */,
				63EC77AD1CC8743D008025A7 /* DLOutgoingPhotoBubble.swift */,
				63EC77AE1CC8743D008025A7 /* DLOutgoingPhotoBubble.xib */,
				63EC77AF1CC8743D008025A7 /* DLPhotoMessageDelegate.swift */,
				63EC77B11CC8743D008025A7 /* TextInputView.swift */,
			);
			path = DLMessageVIew;
			sourceTree = "<group>";
		};
		87B10B09AB7F67CF4D976F76 /* Pods */ = {
			isa = PBXGroup;
			children = (
				9F013244A3B8C8F64571951C /* Pods-ColorgyCourse.debug.xcconfig */,
				F16E987B487403193816ADE4 /* Pods-ColorgyCourse.release.xcconfig */,
				94F70303EE975BA2983F45A1 /* Pods-ColorgyCourseTests.debug.xcconfig */,
				B05C6C68737E6E760C1FD17C /* Pods-ColorgyCourseTests.release.xcconfig */,
				02D01171AE68C2280C00D053 /* Pods-ColorgyCourseUITests.debug.xcconfig */,
				90E3DBDD69350AAF687C2015 /* Pods-ColorgyCourseUITests.release.xcconfig */,
			);
			name = Pods;
			sourceTree = "<group>";
		};
/* End PBXGroup section */

/* Begin PBXNativeTarget section */
		635479831CB898C000DE8CBC /* ColorgyCourse */ = {
			isa = PBXNativeTarget;
			buildConfigurationList = 635479AC1CB898C100DE8CBC /* Build configuration list for PBXNativeTarget "ColorgyCourse" */;
			buildPhases = (
				58E4341A3ED59D5BA12F8119 /* Check Pods Manifest.lock */,
				635479801CB898C000DE8CBC /* Sources */,
				635479811CB898C000DE8CBC /* Frameworks */,
				635479821CB898C000DE8CBC /* Resources */,
				11C09EAAC34B25F44EC5F429 /* Embed Pods Frameworks */,
				412A583853FC728546ED723D /* Copy Pods Resources */,
				635479B51CB89BAE00DE8CBC /* ShellScript */,
				635E69771CC3B5D400C67689 /* ShellScript */,
				635479CD1CB8A2DD00DE8CBC /* ShellScript */,
			);
			buildRules = (
			);
			dependencies = (
			);
			name = ColorgyCourse;
			productName = ColorgyCourse;
			productReference = 635479841CB898C000DE8CBC /* ColorgyCourse.app */;
			productType = "com.apple.product-type.application";
		};
		635479971CB898C100DE8CBC /* ColorgyCourseTests */ = {
			isa = PBXNativeTarget;
			buildConfigurationList = 635479AF1CB898C100DE8CBC /* Build configuration list for PBXNativeTarget "ColorgyCourseTests" */;
			buildPhases = (
				5B2A055DD9CB97A650DEDF39 /* Check Pods Manifest.lock */,
				635479941CB898C100DE8CBC /* Sources */,
				635479951CB898C100DE8CBC /* Frameworks */,
				635479961CB898C100DE8CBC /* Resources */,
				6AF2665B7E57437768932BBA /* Embed Pods Frameworks */,
				DB4B06AB2ECD8F9D3BBA3D2A /* Copy Pods Resources */,
			);
			buildRules = (
			);
			dependencies = (
				6354799A1CB898C100DE8CBC /* PBXTargetDependency */,
			);
			name = ColorgyCourseTests;
			productName = ColorgyCourseTests;
			productReference = 635479981CB898C100DE8CBC /* ColorgyCourseTests.xctest */;
			productType = "com.apple.product-type.bundle.unit-test";
		};
		635479A21CB898C100DE8CBC /* ColorgyCourseUITests */ = {
			isa = PBXNativeTarget;
			buildConfigurationList = 635479B21CB898C100DE8CBC /* Build configuration list for PBXNativeTarget "ColorgyCourseUITests" */;
			buildPhases = (
				6108952817F7CEBA180B551D /* Check Pods Manifest.lock */,
				6354799F1CB898C100DE8CBC /* Sources */,
				635479A01CB898C100DE8CBC /* Frameworks */,
				635479A11CB898C100DE8CBC /* Resources */,
				96286340E228A1FB2556817C /* Copy Pods Resources */,
			);
			buildRules = (
			);
			dependencies = (
				635479A51CB898C100DE8CBC /* PBXTargetDependency */,
			);
			name = ColorgyCourseUITests;
			productName = ColorgyCourseUITests;
			productReference = 635479A31CB898C100DE8CBC /* ColorgyCourseUITests.xctest */;
			productType = "com.apple.product-type.bundle.ui-testing";
		};
/* End PBXNativeTarget section */

/* Begin PBXProject section */
		6354797C1CB898C000DE8CBC /* Project object */ = {
			isa = PBXProject;
			attributes = {
				LastSwiftUpdateCheck = 0730;
				LastUpgradeCheck = 0730;
				ORGANIZATIONNAME = David;
				TargetAttributes = {
					635479831CB898C000DE8CBC = {
						CreatedOnToolsVersion = 7.3;
					};
					635479971CB898C100DE8CBC = {
						CreatedOnToolsVersion = 7.3;
						TestTargetID = 635479831CB898C000DE8CBC;
					};
					635479A21CB898C100DE8CBC = {
						CreatedOnToolsVersion = 7.3;
						TestTargetID = 635479831CB898C000DE8CBC;
					};
				};
			};
			buildConfigurationList = 6354797F1CB898C000DE8CBC /* Build configuration list for PBXProject "ColorgyCourse" */;
			compatibilityVersion = "Xcode 3.2";
			developmentRegion = English;
			hasScannedForEncodings = 0;
			knownRegions = (
				en,
				Base,
			);
			mainGroup = 6354797B1CB898C000DE8CBC;
			productRefGroup = 635479851CB898C000DE8CBC /* Products */;
			projectDirPath = "";
			projectRoot = "";
			targets = (
				635479831CB898C000DE8CBC /* ColorgyCourse */,
				635479971CB898C100DE8CBC /* ColorgyCourseTests */,
				635479A21CB898C100DE8CBC /* ColorgyCourseUITests */,
			);
		};
/* End PBXProject section */

/* Begin PBXResourcesBuildPhase section */
		635479821CB898C000DE8CBC /* Resources */ = {
			isa = PBXResourcesBuildPhase;
			buildActionMask = 2147483647;
			files = (
				635479921CB898C100DE8CBC /* LaunchScreen.storyboard in Resources */,
				630337F21CE9B265006FEA1C /* 1.png in Resources */,
				63EC77BC1CC8743D008025A7 /* DLOutgoingMessageBubble.xib in Resources */,
				63EC77B41CC8743D008025A7 /* DLIncomingMessageBubble.xib in Resources */,
				6354798F1CB898C100DE8CBC /* Assets.xcassets in Resources */,
				63EC77B71CC8743D008025A7 /* DLIncomingPhotoBubble.xib in Resources */,
				63EC77BE1CC8743D008025A7 /* DLOutgoingPhotoBubble.xib in Resources */,
				6354798D1CB898C100DE8CBC /* Main.storyboard in Resources */,
			);
			runOnlyForDeploymentPostprocessing = 0;
		};
		635479961CB898C100DE8CBC /* Resources */ = {
			isa = PBXResourcesBuildPhase;
			buildActionMask = 2147483647;
			files = (
			);
			runOnlyForDeploymentPostprocessing = 0;
		};
		635479A11CB898C100DE8CBC /* Resources */ = {
			isa = PBXResourcesBuildPhase;
			buildActionMask = 2147483647;
			files = (
			);
			runOnlyForDeploymentPostprocessing = 0;
		};
/* End PBXResourcesBuildPhase section */

/* Begin PBXShellScriptBuildPhase section */
		11C09EAAC34B25F44EC5F429 /* Embed Pods Frameworks */ = {
			isa = PBXShellScriptBuildPhase;
			buildActionMask = 2147483647;
			files = (
			);
			inputPaths = (
			);
			name = "Embed Pods Frameworks";
			outputPaths = (
			);
			runOnlyForDeploymentPostprocessing = 0;
			shellPath = /bin/sh;
			shellScript = "\"${SRCROOT}/Pods/Target Support Files/Pods-ColorgyCourse/Pods-ColorgyCourse-frameworks.sh\"\n";
			showEnvVarsInLog = 0;
		};
		412A583853FC728546ED723D /* Copy Pods Resources */ = {
			isa = PBXShellScriptBuildPhase;
			buildActionMask = 2147483647;
			files = (
			);
			inputPaths = (
			);
			name = "Copy Pods Resources";
			outputPaths = (
			);
			runOnlyForDeploymentPostprocessing = 0;
			shellPath = /bin/sh;
			shellScript = "\"${SRCROOT}/Pods/Target Support Files/Pods-ColorgyCourse/Pods-ColorgyCourse-resources.sh\"\n";
			showEnvVarsInLog = 0;
		};
		58E4341A3ED59D5BA12F8119 /* Check Pods Manifest.lock */ = {
			isa = PBXShellScriptBuildPhase;
			buildActionMask = 2147483647;
			files = (
			);
			inputPaths = (
			);
			name = "Check Pods Manifest.lock";
			outputPaths = (
			);
			runOnlyForDeploymentPostprocessing = 0;
			shellPath = /bin/sh;
			shellScript = "diff \"${PODS_ROOT}/../Podfile.lock\" \"${PODS_ROOT}/Manifest.lock\" > /dev/null\nif [[ $? != 0 ]] ; then\n    cat << EOM\nerror: The sandbox is not in sync with the Podfile.lock. Run 'pod install' or update your CocoaPods installation.\nEOM\n    exit 1\nfi\n";
			showEnvVarsInLog = 0;
		};
		5B2A055DD9CB97A650DEDF39 /* Check Pods Manifest.lock */ = {
			isa = PBXShellScriptBuildPhase;
			buildActionMask = 2147483647;
			files = (
			);
			inputPaths = (
			);
			name = "Check Pods Manifest.lock";
			outputPaths = (
			);
			runOnlyForDeploymentPostprocessing = 0;
			shellPath = /bin/sh;
			shellScript = "diff \"${PODS_ROOT}/../Podfile.lock\" \"${PODS_ROOT}/Manifest.lock\" > /dev/null\nif [[ $? != 0 ]] ; then\n    cat << EOM\nerror: The sandbox is not in sync with the Podfile.lock. Run 'pod install' or update your CocoaPods installation.\nEOM\n    exit 1\nfi\n";
			showEnvVarsInLog = 0;
		};
		6108952817F7CEBA180B551D /* Check Pods Manifest.lock */ = {
			isa = PBXShellScriptBuildPhase;
			buildActionMask = 2147483647;
			files = (
			);
			inputPaths = (
			);
			name = "Check Pods Manifest.lock";
			outputPaths = (
			);
			runOnlyForDeploymentPostprocessing = 0;
			shellPath = /bin/sh;
			shellScript = "diff \"${PODS_ROOT}/../Podfile.lock\" \"${PODS_ROOT}/Manifest.lock\" > /dev/null\nif [[ $? != 0 ]] ; then\n    cat << EOM\nerror: The sandbox is not in sync with the Podfile.lock. Run 'pod install' or update your CocoaPods installation.\nEOM\n    exit 1\nfi\n";
			showEnvVarsInLog = 0;
		};
		635479B51CB89BAE00DE8CBC /* ShellScript */ = {
			isa = PBXShellScriptBuildPhase;
			buildActionMask = 2147483647;
			files = (
			);
			inputPaths = (
			);
			outputPaths = (
			);
			runOnlyForDeploymentPostprocessing = 0;
			shellPath = /bin/sh;
			shellScript = "/usr/local/bin/carthage copy-frameworks";
		};
		635479CD1CB8A2DD00DE8CBC /* ShellScript */ = {
			isa = PBXShellScriptBuildPhase;
			buildActionMask = 2147483647;
			files = (
			);
			inputPaths = (
			);
			outputPaths = (
			);
			runOnlyForDeploymentPostprocessing = 0;
			shellPath = /bin/sh;
			shellScript = "\"${PODS_ROOT}/Fabric/run\" e709dd3229ee919ed0fef9ac4423afa4c9bae156 2fbc1d63ab59663379a655410b55e15089849de3798b93b390afc2613c3a9bb4";
		};
		635E69771CC3B5D400C67689 /* ShellScript */ = {
			isa = PBXShellScriptBuildPhase;
			buildActionMask = 2147483647;
			files = (
			);
			inputPaths = (
			);
			outputPaths = (
			);
			runOnlyForDeploymentPostprocessing = 0;
			shellPath = /bin/sh;
			shellScript = "APP_PATH=\"${TARGET_BUILD_DIR}/${WRAPPER_NAME}\"\n\n# This script loops through the frameworks embedded in the application and\n# removes unused architectures.\nfind \"$APP_PATH\" -name '*.framework' -type d | while read -r FRAMEWORK\ndo\nFRAMEWORK_EXECUTABLE_NAME=$(defaults read \"$FRAMEWORK/Info.plist\" CFBundleExecutable)\nFRAMEWORK_EXECUTABLE_PATH=\"$FRAMEWORK/$FRAMEWORK_EXECUTABLE_NAME\"\necho \"Executable is $FRAMEWORK_EXECUTABLE_PATH\"\n\nEXTRACTED_ARCHS=()\n\nfor ARCH in $ARCHS\ndo\necho \"Extracting $ARCH from $FRAMEWORK_EXECUTABLE_NAME\"\nlipo -extract \"$ARCH\" \"$FRAMEWORK_EXECUTABLE_PATH\" -o \"$FRAMEWORK_EXECUTABLE_PATH-$ARCH\"\nEXTRACTED_ARCHS+=(\"$FRAMEWORK_EXECUTABLE_PATH-$ARCH\")\ndone\n\necho \"Merging extracted architectures: ${ARCHS}\"\nlipo -o \"$FRAMEWORK_EXECUTABLE_PATH-merged\" -create \"${EXTRACTED_ARCHS[@]}\"\nrm \"${EXTRACTED_ARCHS[@]}\"\n\necho \"Replacing original executable with thinned version\"\nrm \"$FRAMEWORK_EXECUTABLE_PATH\"\nmv \"$FRAMEWORK_EXECUTABLE_PATH-merged\" \"$FRAMEWORK_EXECUTABLE_PATH\"\n\ndone";
		};
		6AF2665B7E57437768932BBA /* Embed Pods Frameworks */ = {
			isa = PBXShellScriptBuildPhase;
			buildActionMask = 2147483647;
			files = (
			);
			inputPaths = (
			);
			name = "Embed Pods Frameworks";
			outputPaths = (
			);
			runOnlyForDeploymentPostprocessing = 0;
			shellPath = /bin/sh;
			shellScript = "\"${SRCROOT}/Pods/Target Support Files/Pods-ColorgyCourseTests/Pods-ColorgyCourseTests-frameworks.sh\"\n";
			showEnvVarsInLog = 0;
		};
		96286340E228A1FB2556817C /* Copy Pods Resources */ = {
			isa = PBXShellScriptBuildPhase;
			buildActionMask = 2147483647;
			files = (
			);
			inputPaths = (
			);
			name = "Copy Pods Resources";
			outputPaths = (
			);
			runOnlyForDeploymentPostprocessing = 0;
			shellPath = /bin/sh;
			shellScript = "\"${SRCROOT}/Pods/Target Support Files/Pods-ColorgyCourseUITests/Pods-ColorgyCourseUITests-resources.sh\"\n";
			showEnvVarsInLog = 0;
		};
		DB4B06AB2ECD8F9D3BBA3D2A /* Copy Pods Resources */ = {
			isa = PBXShellScriptBuildPhase;
			buildActionMask = 2147483647;
			files = (
			);
			inputPaths = (
			);
			name = "Copy Pods Resources";
			outputPaths = (
			);
			runOnlyForDeploymentPostprocessing = 0;
			shellPath = /bin/sh;
			shellScript = "\"${SRCROOT}/Pods/Target Support Files/Pods-ColorgyCourseTests/Pods-ColorgyCourseTests-resources.sh\"\n";
			showEnvVarsInLog = 0;
		};
/* End PBXShellScriptBuildPhase section */

/* Begin PBXSourcesBuildPhase section */
		635479801CB898C000DE8CBC /* Sources */ = {
			isa = PBXSourcesBuildPhase;
			buildActionMask = 2147483647;
			files = (
				6375477A1CC8C23700BC3BBD /* FriendListTableViewCell.swift in Sources */,
				635479EA1CB8B02A00DE8CBC /* Course.swift in Sources */,
				630472841CE5782C00D907C4 /* SearchEventListViewController.swift in Sources */,
				635479EF1CB8B02A00DE8CBC /* DateExtension.swift in Sources */,
				630337F01CE9AB4B006FEA1C /* AvailableTargetList.swift in Sources */,
				635479D11CB8AA0700DE8CBC /* LoginViewController.swift in Sources */,
				635479EC1CB8B02A00DE8CBC /* CourseRawDataObject.swift in Sources */,
				63C3CE1E1CC0C76F000EE808 /* AvailableTarget.swift in Sources */,
				630337EE1CE97906006FEA1C /* BlurWallViewController.swift in Sources */,
				63C3CE151CC0B0B2000EE808 /* EmailLoginViewModel.swift in Sources */,
				6305700E1CBD11EA007D2C9D /* ChatUser.swift in Sources */,
				6354798A1CB898C100DE8CBC /* ViewController.swift in Sources */,
				6305701E1CBD2902007D2C9D /* Chatroom.swift in Sources */,
				635479EE1CB8B02A00DE8CBC /* StringExtension.swift in Sources */,
				63EC77B91CC8743D008025A7 /* DLMessageLabel.swift in Sources */,
				635479F31CB8B02A00DE8CBC /* ColorgyLoginResult.swift in Sources */,
				637547741CC8BE8400BC3BBD /* SayHelloCountsCell.swift in Sources */,
				63EC77B31CC8743D008025A7 /* DLIncomingMessageBubble.swift in Sources */,
				637547761CC8BF4A00BC3BBD /* FriendListViewModel.swift in Sources */,
				63EC77BB1CC8743D008025A7 /* DLOutgoingMessageBubble.swift in Sources */,
				63C3CE231CC0C76F000EE808 /* UIImageExtension.swift in Sources */,
				63056FFF1CBCABB7007D2C9D /* CourseOwnershipObject.swift in Sources */,
				6305701C1CBD268A007D2C9D /* HistoryChatroom.swift in Sources */,
				63C3CE131CC0AFF0000EE808 /* EmailLoginViewController.swift in Sources */,
				63C3CE221CC0C76F000EE808 /* Organization.swift in Sources */,
				6305700A1CBD0AA1007D2C9D /* ColorgyChatAPI.swift in Sources */,
				63EC77B51CC8743D008025A7 /* DLIncomingMessageDelegate.swift in Sources */,
				635479ED1CB8B02A00DE8CBC /* SwiftyJSONExtension.swift in Sources */,
				630570201CBD2999007D2C9D /* ChatMessage.swift in Sources */,
				637305641CBF83D80016A7FC /* UIViewExtension.swift in Sources */,
				635479FB1CB8D17800DE8CBC /* PeriodRawData.swift in Sources */,
				635479F11CB8B02A00DE8CBC /* ColorgyLogin.swift in Sources */,
				63561C4E1CBF9848004AEF6D /* EmailRegisterViewModel.swift in Sources */,
				635479E91CB8B02A00DE8CBC /* ColorgyAPIUserResult.swift in Sources */,
				630337EC1CE974CE006FEA1C /* BlurWallViewModel.swift in Sources */,
				635479F01CB8B02A00DE8CBC /* ColorgyRefreshCenter.swift in Sources */,
				637547701CC8A96900BC3BBD /* ChatMessageList.swift in Sources */,
				637305621CBF82D10016A7FC /* IconedTextInputView.swift in Sources */,
				635479FF1CB8DECF00DE8CBC /* PeriodRawDataRealmObject.swift in Sources */,
				630570121CBD1A2E007D2C9D /* ChatUserInformation.swift in Sources */,
				6305700C1CBD0AB9007D2C9D /* ColorgySocket.swift in Sources */,
				63EC77201CC6060E008025A7 /* ColorgyNavigationController.swift in Sources */,
				63C3CE1F1CC0C76F000EE808 /* ChatMeUserInformation.swift in Sources */,
				637305601CBF823B0016A7FC /* EmailRegisterViewController.swift in Sources */,
				630570181CBD233A007D2C9D /* Hello.swift in Sources */,
				635479CF1CB8A5EF00DE8CBC /* Release.swift in Sources */,
				63EC77C51CC875A0008025A7 /* ChatRoomViewModel.swift in Sources */,
				6375477C1CC8D69800BC3BBD /* ColorgyChatContext.swift in Sources */,
				635479E51CB8B02A00DE8CBC /* TimeStamp.swift in Sources */,
				635479E71CB8B02A00DE8CBC /* ColorgyAPI.swift in Sources */,
				630337E91CE9732B006FEA1C /* BlurWallViewCell.swift in Sources */,
				637547781CC8BF6200BC3BBD /* FriendListViewController.swift in Sources */,
				635479D31CB8AC6300DE8CBC /* LoginViewModel.swift in Sources */,
				635479881CB898C100DE8CBC /* AppDelegate.swift in Sources */,
				6304728B1CE5DDC500D907C4 /* WeekCalendarView.swift in Sources */,
				63EC77B61CC8743D008025A7 /* DLIncomingPhotoBubble.swift in Sources */,
				630570051CBCC94A007D2C9D /* Department.swift in Sources */,
				630472891CE5DD2000D907C4 /* WeekCalendarViewController.swift in Sources */,
				635479E81CB8B02A00DE8CBC /* ColorgyAPIMeResult.swift in Sources */,
				63EC77BD1CC8743D008025A7 /* DLOutgoingPhotoBubble.swift in Sources */,
				635479EB1CB8B02A00DE8CBC /* Period.swift in Sources */,
				63EC77C31CC87595008025A7 /* ChatRoomViewController.swift in Sources */,
				63C3CE201CC0C76F000EE808 /* ColorgyAppNotification.swift in Sources */,
				635479F21CB8B02A00DE8CBC /* AFError.swift in Sources */,
				63EC77C11CC8743D008025A7 /* TextInputView.swift in Sources */,
				63EC77BF1CC8743D008025A7 /* DLPhotoMessageDelegate.swift in Sources */,
				63EC77B81CC8743D008025A7 /* DLMessageData.swift in Sources */,
				635479E61CB8B02A00DE8CBC /* AFNetworkingErrorParser.swift in Sources */,
				630570011CBCBC86007D2C9D /* Semester.swift in Sources */,
				630337E71CE964EE006FEA1C /* BlurWallView.swift in Sources */,
				630472861CE5AA4E00D907C4 /* SearchEventListViewModel.swift in Sources */,
				63EC77BA1CC8743D008025A7 /* DLMessagesViewController.swift in Sources */,
				637547721CC8B1BB00BC3BBD /* FloatingOptionView.swift in Sources */,
				63C3CE211CC0C76F000EE808 /* NumerExtensions.swift in Sources */,
				635479E41CB8B02A00DE8CBC /* ColorgyUserInformation.swift in Sources */,
				63EC77B21CC8743D008025A7 /* ATrickyView.swift in Sources */,
				63561C4C1CBF937F004AEF6D /* ColorgyColor.swift in Sources */,
			);
			runOnlyForDeploymentPostprocessing = 0;
		};
		635479941CB898C100DE8CBC /* Sources */ = {
			isa = PBXSourcesBuildPhase;
			buildActionMask = 2147483647;
			files = (
				63F3EE811CBF49DF0010D059 /* Course.swift in Sources */,
				63C3CE3F1CC0C8CD000EE808 /* ChatMeUserInformation.swift in Sources */,
				63C3CE341CC0C8BC000EE808 /* EmailLoginViewController.swift in Sources */,
				63C3CE381CC0C8BC000EE808 /* IconedTextInputView.swift in Sources */,
				63F3EE8D1CBF49EE0010D059 /* DateExtension.swift in Sources */,
				63F3EE931CBF49EE0010D059 /* Chatroom.swift in Sources */,
				63F3EE731CBF49CC0010D059 /* PeriodRawDataRealmObject.swift in Sources */,
				63F3EE971CBF49EE0010D059 /* TimeStamp.swift in Sources */,
				63F3EE7D1CBF49DF0010D059 /* ColorgyAPI.swift in Sources */,
				63F3EE8F1CBF49EE0010D059 /* ColorgyChatAPI.swift in Sources */,
				63F3EE761CBF49D10010D059 /* ColorgyUserInformation.swift in Sources */,
				63F3EE9A1CBF53A40010D059 /* TestColorgyAPI.swift in Sources */,
				63F3EE6B1CBF3CA00010D059 /* TestColorgyRefershCenter.swift in Sources */,
				63F3EE841CBF49DF0010D059 /* ColorgyRefreshCenter.swift in Sources */,
				6354799D1CB898C100DE8CBC /* ColorgyCourseTests.swift in Sources */,
				63F3EE8C1CBF49EE0010D059 /* StringExtension.swift in Sources */,
				63C3CE2E1CC0C8B5000EE808 /* ColorgyColor.swift in Sources */,
				63F3EE7C1CBF49DF0010D059 /* AFError.swift in Sources */,
				63F3EE791CBF49D10010D059 /* Department.swift in Sources */,
				63C3CE351CC0C8BC000EE808 /* EmailLoginViewModel.swift in Sources */,
				6373055C1CBF72190016A7FC /* TestPeriod.swift in Sources */,
				63C3CE3A1CC0C8BC000EE808 /* LoginViewModel.swift in Sources */,
				63C3CE261CC0C8A5000EE808 /* Organization.swift in Sources */,
				63C3CE371CC0C8BC000EE808 /* EmailRegisterViewModel.swift in Sources */,
				63F3EE951CBF49EE0010D059 /* Hello.swift in Sources */,
				63C3CE2D1CC0C8B5000EE808 /* ViewController.swift in Sources */,
				63F3EE961CBF49EE0010D059 /* ChatUserInformation.swift in Sources */,
				63C3CE251CC0C844000EE808 /* TestTimeStamp.swift in Sources */,
				63F3EE8E1CBF49EE0010D059 /* ColorgySocket.swift in Sources */,
				63F3EE8B1CBF49EE0010D059 /* SwiftyJSONExtension.swift in Sources */,
				63C3CE3B1CC0C8C0000EE808 /* NumerExtensions.swift in Sources */,
				63F3EE851CBF49DF0010D059 /* ColorgyLogin.swift in Sources */,
				63C3CE3E1CC0C8CD000EE808 /* AvailableTarget.swift in Sources */,
				63F3EE831CBF49DF0010D059 /* CourseRawDataObject.swift in Sources */,
				63F3EE981CBF49EE0010D059 /* ChatUser.swift in Sources */,
				63F3EE781CBF49D10010D059 /* PeriodRawData.swift in Sources */,
				63C3CE2C1CC0C8B5000EE808 /* Release.swift in Sources */,
				63F3EE821CBF49DF0010D059 /* Period.swift in Sources */,
				63F3EE861CBF49DF0010D059 /* ColorgyLoginResult.swift in Sources */,
				63F3EE7B1CBF49DF0010D059 /* AFNetworkingErrorParser.swift in Sources */,
				63F3EE7F1CBF49DF0010D059 /* ColorgyAPIMeResult.swift in Sources */,
				63F3EE921CBF49EE0010D059 /* HistoryChatroom.swift in Sources */,
				63F3EE9C1CBF56990010D059 /* TestCourseModel.swift in Sources */,
				63C3CE3D1CC0C8C0000EE808 /* UIViewExtension.swift in Sources */,
				63C3CE391CC0C8BC000EE808 /* LoginViewController.swift in Sources */,
				63C3CE3C1CC0C8C0000EE808 /* UIImageExtension.swift in Sources */,
				6375477D1CC9D67600BC3BBD /* ColorgyChatContext.swift in Sources */,
				63F3EE7E1CBF49DF0010D059 /* Semester.swift in Sources */,
				63F3EE801CBF49DF0010D059 /* ColorgyAPIUserResult.swift in Sources */,
				63C3CE361CC0C8BC000EE808 /* EmailRegisterViewController.swift in Sources */,
				63F3EE7A1CBF49D10010D059 /* CourseOwnershipObject.swift in Sources */,
				63C3CE2B1CC0C8B5000EE808 /* ColorgyAppNotification.swift in Sources */,
				63F3EE941CBF49EE0010D059 /* ChatMessage.swift in Sources */,
			);
			runOnlyForDeploymentPostprocessing = 0;
		};
		6354799F1CB898C100DE8CBC /* Sources */ = {
			isa = PBXSourcesBuildPhase;
			buildActionMask = 2147483647;
			files = (
				635479A81CB898C100DE8CBC /* ColorgyCourseUITests.swift in Sources */,
			);
			runOnlyForDeploymentPostprocessing = 0;
		};
/* End PBXSourcesBuildPhase section */

/* Begin PBXTargetDependency section */
		6354799A1CB898C100DE8CBC /* PBXTargetDependency */ = {
			isa = PBXTargetDependency;
			target = 635479831CB898C000DE8CBC /* ColorgyCourse */;
			targetProxy = 635479991CB898C100DE8CBC /* PBXContainerItemProxy */;
		};
		635479A51CB898C100DE8CBC /* PBXTargetDependency */ = {
			isa = PBXTargetDependency;
			target = 635479831CB898C000DE8CBC /* ColorgyCourse */;
			targetProxy = 635479A41CB898C100DE8CBC /* PBXContainerItemProxy */;
		};
/* End PBXTargetDependency section */

/* Begin PBXVariantGroup section */
		6354798B1CB898C100DE8CBC /* Main.storyboard */ = {
			isa = PBXVariantGroup;
			children = (
				6354798C1CB898C100DE8CBC /* Base */,
			);
			name = Main.storyboard;
			sourceTree = "<group>";
		};
		635479901CB898C100DE8CBC /* LaunchScreen.storyboard */ = {
			isa = PBXVariantGroup;
			children = (
				635479911CB898C100DE8CBC /* Base */,
			);
			name = LaunchScreen.storyboard;
			sourceTree = "<group>";
		};
/* End PBXVariantGroup section */

/* Begin XCBuildConfiguration section */
		635479AA1CB898C100DE8CBC /* Debug */ = {
			isa = XCBuildConfiguration;
			buildSettings = {
				ALWAYS_SEARCH_USER_PATHS = NO;
				CLANG_ANALYZER_NONNULL = YES;
				CLANG_CXX_LANGUAGE_STANDARD = "gnu++0x";
				CLANG_CXX_LIBRARY = "libc++";
				CLANG_ENABLE_MODULES = YES;
				CLANG_ENABLE_OBJC_ARC = YES;
				CLANG_WARN_BOOL_CONVERSION = YES;
				CLANG_WARN_CONSTANT_CONVERSION = YES;
				CLANG_WARN_DIRECT_OBJC_ISA_USAGE = YES_ERROR;
				CLANG_WARN_EMPTY_BODY = YES;
				CLANG_WARN_ENUM_CONVERSION = YES;
				CLANG_WARN_INT_CONVERSION = YES;
				CLANG_WARN_OBJC_ROOT_CLASS = YES_ERROR;
				CLANG_WARN_UNREACHABLE_CODE = YES;
				CLANG_WARN__DUPLICATE_METHOD_MATCH = YES;
				"CODE_SIGN_IDENTITY[sdk=iphoneos*]" = "iPhone Developer";
				COPY_PHASE_STRIP = NO;
				DEBUG_INFORMATION_FORMAT = dwarf;
				ENABLE_STRICT_OBJC_MSGSEND = YES;
				ENABLE_TESTABILITY = YES;
				GCC_C_LANGUAGE_STANDARD = gnu99;
				GCC_DYNAMIC_NO_PIC = NO;
				GCC_NO_COMMON_BLOCKS = YES;
				GCC_OPTIMIZATION_LEVEL = 0;
				GCC_PREPROCESSOR_DEFINITIONS = (
					"DEBUG=1",
					"$(inherited)",
				);
				GCC_WARN_64_TO_32_BIT_CONVERSION = YES;
				GCC_WARN_ABOUT_RETURN_TYPE = YES_ERROR;
				GCC_WARN_UNDECLARED_SELECTOR = YES;
				GCC_WARN_UNINITIALIZED_AUTOS = YES_AGGRESSIVE;
				GCC_WARN_UNUSED_FUNCTION = YES;
				GCC_WARN_UNUSED_VARIABLE = YES;
				IPHONEOS_DEPLOYMENT_TARGET = 9.3;
				MTL_ENABLE_DEBUG_INFO = YES;
				ONLY_ACTIVE_ARCH = YES;
				SDKROOT = iphoneos;
				SWIFT_OPTIMIZATION_LEVEL = "-Onone";
				TARGETED_DEVICE_FAMILY = "1,2";
			};
			name = Debug;
		};
		635479AB1CB898C100DE8CBC /* Release */ = {
			isa = XCBuildConfiguration;
			buildSettings = {
				ALWAYS_SEARCH_USER_PATHS = NO;
				CLANG_ANALYZER_NONNULL = YES;
				CLANG_CXX_LANGUAGE_STANDARD = "gnu++0x";
				CLANG_CXX_LIBRARY = "libc++";
				CLANG_ENABLE_MODULES = YES;
				CLANG_ENABLE_OBJC_ARC = YES;
				CLANG_WARN_BOOL_CONVERSION = YES;
				CLANG_WARN_CONSTANT_CONVERSION = YES;
				CLANG_WARN_DIRECT_OBJC_ISA_USAGE = YES_ERROR;
				CLANG_WARN_EMPTY_BODY = YES;
				CLANG_WARN_ENUM_CONVERSION = YES;
				CLANG_WARN_INT_CONVERSION = YES;
				CLANG_WARN_OBJC_ROOT_CLASS = YES_ERROR;
				CLANG_WARN_UNREACHABLE_CODE = YES;
				CLANG_WARN__DUPLICATE_METHOD_MATCH = YES;
				"CODE_SIGN_IDENTITY[sdk=iphoneos*]" = "iPhone Developer";
				COPY_PHASE_STRIP = NO;
				DEBUG_INFORMATION_FORMAT = "dwarf-with-dsym";
				ENABLE_NS_ASSERTIONS = NO;
				ENABLE_STRICT_OBJC_MSGSEND = YES;
				GCC_C_LANGUAGE_STANDARD = gnu99;
				GCC_NO_COMMON_BLOCKS = YES;
				GCC_WARN_64_TO_32_BIT_CONVERSION = YES;
				GCC_WARN_ABOUT_RETURN_TYPE = YES_ERROR;
				GCC_WARN_UNDECLARED_SELECTOR = YES;
				GCC_WARN_UNINITIALIZED_AUTOS = YES_AGGRESSIVE;
				GCC_WARN_UNUSED_FUNCTION = YES;
				GCC_WARN_UNUSED_VARIABLE = YES;
				IPHONEOS_DEPLOYMENT_TARGET = 9.3;
				MTL_ENABLE_DEBUG_INFO = NO;
				SDKROOT = iphoneos;
				TARGETED_DEVICE_FAMILY = "1,2";
				VALIDATE_PRODUCT = YES;
			};
			name = Release;
		};
		635479AD1CB898C100DE8CBC /* Debug */ = {
			isa = XCBuildConfiguration;
			baseConfigurationReference = 9F013244A3B8C8F64571951C /* Pods-ColorgyCourse.debug.xcconfig */;
			buildSettings = {
				ASSETCATALOG_COMPILER_APPICON_NAME = AppIcon;
				FRAMEWORK_SEARCH_PATHS = (
					"$(inherited)",
					"$(PROJECT_DIR)/Carthage/Build/iOS",
					"$(PROJECT_DIR)",
				);
				INFOPLIST_FILE = ColorgyCourse/Info.plist;
				IPHONEOS_DEPLOYMENT_TARGET = 8.1;
				LD_RUNPATH_SEARCH_PATHS = "$(inherited) @executable_path/Frameworks";
				OTHER_SWIFT_FLAGS = "-D DEBUG";
				PRODUCT_BUNDLE_IDENTIFIER = misk.ColorgyCourse;
				PRODUCT_NAME = "$(TARGET_NAME)";
				SWIFT_OBJC_BRIDGING_HEADER = "$(SRCROOT)/ColorgyCourse/Header.h";
				TARGETED_DEVICE_FAMILY = 1;
			};
			name = Debug;
		};
		635479AE1CB898C100DE8CBC /* Release */ = {
			isa = XCBuildConfiguration;
			baseConfigurationReference = F16E987B487403193816ADE4 /* Pods-ColorgyCourse.release.xcconfig */;
			buildSettings = {
				ASSETCATALOG_COMPILER_APPICON_NAME = AppIcon;
				FRAMEWORK_SEARCH_PATHS = (
					"$(inherited)",
					"$(PROJECT_DIR)/Carthage/Build/iOS",
					"$(PROJECT_DIR)",
				);
				INFOPLIST_FILE = ColorgyCourse/Info.plist;
				IPHONEOS_DEPLOYMENT_TARGET = 8.1;
				LD_RUNPATH_SEARCH_PATHS = "$(inherited) @executable_path/Frameworks";
				OTHER_SWIFT_FLAGS = "";
				PRODUCT_BUNDLE_IDENTIFIER = misk.ColorgyCourse;
				PRODUCT_NAME = "$(TARGET_NAME)";
				SWIFT_OBJC_BRIDGING_HEADER = "$(SRCROOT)/ColorgyCourse/Header.h";
				TARGETED_DEVICE_FAMILY = 1;
			};
			name = Release;
		};
		635479B01CB898C100DE8CBC /* Debug */ = {
			isa = XCBuildConfiguration;
			baseConfigurationReference = 94F70303EE975BA2983F45A1 /* Pods-ColorgyCourseTests.debug.xcconfig */;
			buildSettings = {
				BUNDLE_LOADER = "$(TEST_HOST)";
				FRAMEWORK_SEARCH_PATHS = (
					"$(inherited)",
					"$(PROJECT_DIR)/Carthage/Build/iOS",
				);
				INFOPLIST_FILE = ColorgyCourseTests/Info.plist;
				LD_RUNPATH_SEARCH_PATHS = "$(inherited) @executable_path/Frameworks @loader_path/Frameworks";
				PRODUCT_BUNDLE_IDENTIFIER = misk.ColorgyCourseTests;
				PRODUCT_NAME = "$(TARGET_NAME)";
				TEST_HOST = "$(BUILT_PRODUCTS_DIR)/ColorgyCourse.app/ColorgyCourse";
			};
			name = Debug;
		};
		635479B11CB898C100DE8CBC /* Release */ = {
			isa = XCBuildConfiguration;
			baseConfigurationReference = B05C6C68737E6E760C1FD17C /* Pods-ColorgyCourseTests.release.xcconfig */;
			buildSettings = {
				BUNDLE_LOADER = "$(TEST_HOST)";
				FRAMEWORK_SEARCH_PATHS = (
					"$(inherited)",
					"$(PROJECT_DIR)/Carthage/Build/iOS",
				);
				INFOPLIST_FILE = ColorgyCourseTests/Info.plist;
				LD_RUNPATH_SEARCH_PATHS = "$(inherited) @executable_path/Frameworks @loader_path/Frameworks";
				PRODUCT_BUNDLE_IDENTIFIER = misk.ColorgyCourseTests;
				PRODUCT_NAME = "$(TARGET_NAME)";
				TEST_HOST = "$(BUILT_PRODUCTS_DIR)/ColorgyCourse.app/ColorgyCourse";
			};
			name = Release;
		};
		635479B31CB898C100DE8CBC /* Debug */ = {
			isa = XCBuildConfiguration;
			baseConfigurationReference = 02D01171AE68C2280C00D053 /* Pods-ColorgyCourseUITests.debug.xcconfig */;
			buildSettings = {
				INFOPLIST_FILE = ColorgyCourseUITests/Info.plist;
				LD_RUNPATH_SEARCH_PATHS = "$(inherited) @executable_path/Frameworks @loader_path/Frameworks";
				PRODUCT_BUNDLE_IDENTIFIER = misk.ColorgyCourseUITests;
				PRODUCT_NAME = "$(TARGET_NAME)";
				TEST_TARGET_NAME = ColorgyCourse;
			};
			name = Debug;
		};
		635479B41CB898C100DE8CBC /* Release */ = {
			isa = XCBuildConfiguration;
			baseConfigurationReference = 90E3DBDD69350AAF687C2015 /* Pods-ColorgyCourseUITests.release.xcconfig */;
			buildSettings = {
				INFOPLIST_FILE = ColorgyCourseUITests/Info.plist;
				LD_RUNPATH_SEARCH_PATHS = "$(inherited) @executable_path/Frameworks @loader_path/Frameworks";
				PRODUCT_BUNDLE_IDENTIFIER = misk.ColorgyCourseUITests;
				PRODUCT_NAME = "$(TARGET_NAME)";
				TEST_TARGET_NAME = ColorgyCourse;
			};
			name = Release;
		};
/* End XCBuildConfiguration section */

/* Begin XCConfigurationList section */
		6354797F1CB898C000DE8CBC /* Build configuration list for PBXProject "ColorgyCourse" */ = {
			isa = XCConfigurationList;
			buildConfigurations = (
				635479AA1CB898C100DE8CBC /* Debug */,
				635479AB1CB898C100DE8CBC /* Release */,
			);
			defaultConfigurationIsVisible = 0;
			defaultConfigurationName = Release;
		};
		635479AC1CB898C100DE8CBC /* Build configuration list for PBXNativeTarget "ColorgyCourse" */ = {
			isa = XCConfigurationList;
			buildConfigurations = (
				635479AD1CB898C100DE8CBC /* Debug */,
				635479AE1CB898C100DE8CBC /* Release */,
			);
			defaultConfigurationIsVisible = 0;
			defaultConfigurationName = Release;
		};
		635479AF1CB898C100DE8CBC /* Build configuration list for PBXNativeTarget "ColorgyCourseTests" */ = {
			isa = XCConfigurationList;
			buildConfigurations = (
				635479B01CB898C100DE8CBC /* Debug */,
				635479B11CB898C100DE8CBC /* Release */,
			);
			defaultConfigurationIsVisible = 0;
			defaultConfigurationName = Release;
		};
		635479B21CB898C100DE8CBC /* Build configuration list for PBXNativeTarget "ColorgyCourseUITests" */ = {
			isa = XCConfigurationList;
			buildConfigurations = (
				635479B31CB898C100DE8CBC /* Debug */,
				635479B41CB898C100DE8CBC /* Release */,
			);
			defaultConfigurationIsVisible = 0;
			defaultConfigurationName = Release;
		};
/* End XCConfigurationList section */
	};
	rootObject = 6354797C1CB898C000DE8CBC /* Project object */;
}
